// !$*UTF8*$!
{
	archiveVersion = 1;
	classes = {
	};
	objectVersion = 55;
	objects = {

/* Begin PBXBuildFile section */
		3EEF02CF287AC9DE0010CA03 /* VoicemailViewModel.swift in Sources */ = {isa = PBXBuildFile; fileRef = 3EEF02CE287AC9DE0010CA03 /* VoicemailViewModel.swift */; };
		3EEF02D1287AF3960010CA03 /* VoicemailModel.swift in Sources */ = {isa = PBXBuildFile; fileRef = 3EEF02D0287AF3960010CA03 /* VoicemailModel.swift */; };
		3EEF02D3287AFA920010CA03 /* SingleVoicemailView.swift in Sources */ = {isa = PBXBuildFile; fileRef = 3EEF02D2287AFA920010CA03 /* SingleVoicemailView.swift */; };
		77079570287E91F000D8C081 /* 나눔손글씨 중학생.ttf in Resources */ = {isa = PBXBuildFile; fileRef = 7707956F287E91F000D8C081 /* 나눔손글씨 중학생.ttf */; };
		772A607D28AFA7A7005F5A4F /* letterColorStyle.swift in Sources */ = {isa = PBXBuildFile; fileRef = 772A607C28AFA7A7005F5A4F /* letterColorStyle.swift */; };
		772ED6F128B08D8E00372993 /* GettingStartView.swift in Sources */ = {isa = PBXBuildFile; fileRef = 772ED6F028B08D8E00372993 /* GettingStartView.swift */; };
		772ED6F328B08DF500372993 /* AuthenticationViewModel.swift in Sources */ = {isa = PBXBuildFile; fileRef = 772ED6F228B08DF500372993 /* AuthenticationViewModel.swift */; };
		772ED6F528B08E1D00372993 /* AppleUser.swift in Sources */ = {isa = PBXBuildFile; fileRef = 772ED6F428B08E1D00372993 /* AppleUser.swift */; };
		773185BB287C4A9F00120FF9 /* Font+Extension.swift in Sources */ = {isa = PBXBuildFile; fileRef = 773185BA287C4A9F00120FF9 /* Font+Extension.swift */; };
		773185BE287C4B9400120FF9 /* NerkoOne-Regular.ttf in Resources */ = {isa = PBXBuildFile; fileRef = 773185BD287C4B8F00120FF9 /* NerkoOne-Regular.ttf */; };
		773185C3287C56FE00120FF9 /* Color+Extension.swift in Sources */ = {isa = PBXBuildFile; fileRef = 773185C2287C56FE00120FF9 /* Color+Extension.swift */; };
		776502E028B4B8E300A46153 /* SignInDTO.swift in Sources */ = {isa = PBXBuildFile; fileRef = 776502DF28B4B8E300A46153 /* SignInDTO.swift */; };
		776502E528B4B92800A46153 /* SignInEndPoint.swift in Sources */ = {isa = PBXBuildFile; fileRef = 776502E428B4B92800A46153 /* SignInEndPoint.swift */; };
		776502E728B4B93000A46153 /* SignInService.swift in Sources */ = {isa = PBXBuildFile; fileRef = 776502E628B4B93000A46153 /* SignInService.swift */; };
		77651D0628B0924700994C15 /* SignInLayoutView.swift in Sources */ = {isa = PBXBuildFile; fileRef = 77651D0528B0924700994C15 /* SignInLayoutView.swift */; };
		77651D0828B0939100994C15 /* InputNickNameView.swift in Sources */ = {isa = PBXBuildFile; fileRef = 77651D0728B0939100994C15 /* InputNickNameView.swift */; };
		77651D0A28B093CF00994C15 /* SignInLiteral.swift in Sources */ = {isa = PBXBuildFile; fileRef = 77651D0928B093CF00994C15 /* SignInLiteral.swift */; };
		77651D0C28B09F5500994C15 /* InputBirthDayView.swift in Sources */ = {isa = PBXBuildFile; fileRef = 77651D0B28B09F5500994C15 /* InputBirthDayView.swift */; };
		77651D0E28B09FF400994C15 /* SignInUser.swift in Sources */ = {isa = PBXBuildFile; fileRef = 77651D0D28B09FF400994C15 /* SignInUser.swift */; };
		77651D1028B0AD3500994C15 /* InputOfficialDateView.swift in Sources */ = {isa = PBXBuildFile; fileRef = 77651D0F28B0AD3500994C15 /* InputOfficialDateView.swift */; };
		77651D1228B0B1DA00994C15 /* InviteCodeView.swift in Sources */ = {isa = PBXBuildFile; fileRef = 77651D1128B0B1DA00994C15 /* InviteCodeView.swift */; };
		77651D1428B0B51600994C15 /* ShareSheet.swift in Sources */ = {isa = PBXBuildFile; fileRef = 77651D1328B0B51600994C15 /* ShareSheet.swift */; };
		77651D1628B0B7E100994C15 /* EnterCodeView.swift in Sources */ = {isa = PBXBuildFile; fileRef = 77651D1528B0B7E100994C15 /* EnterCodeView.swift */; };
		77651D1828B0B7FA00994C15 /* WelcomMatchingView.swift in Sources */ = {isa = PBXBuildFile; fileRef = 77651D1728B0B7FA00994C15 /* WelcomMatchingView.swift */; };
		77651D1A28B0BD5800994C15 /* GiftBoxView.swift in Sources */ = {isa = PBXBuildFile; fileRef = 77651D1928B0BD5800994C15 /* GiftBoxView.swift */; };
		77EB4485289FC4200006F3CB /* SendLetterView.swift in Sources */ = {isa = PBXBuildFile; fileRef = C93DEA28287ACE8D0045508C /* SendLetterView.swift */; };
		77EB4489289FD6C00006F3CB /* LetterListView.swift in Sources */ = {isa = PBXBuildFile; fileRef = 77EB4488289FD6C00006F3CB /* LetterListView.swift */; };
		77F6F128288FCF9700263BBB /* Date+Extension.swift in Sources */ = {isa = PBXBuildFile; fileRef = 77F6F127288FCF9700263BBB /* Date+Extension.swift */; };
		77F6F12E288FD5E700263BBB /* textLimit.swift in Sources */ = {isa = PBXBuildFile; fileRef = 77F6F12D288FD5E700263BBB /* textLimit.swift */; };
		77F6F19328900C5700263BBB /* placeHolder.swift in Sources */ = {isa = PBXBuildFile; fileRef = 77F6F19228900C5700263BBB /* placeHolder.swift */; };
		A929FDE12882486A00334E21 /* LoginDTO.swift in Sources */ = {isa = PBXBuildFile; fileRef = A929FDE02882486A00334E21 /* LoginDTO.swift */; };
		A929FDE3288248A000334E21 /* LoginEndPoint.swift in Sources */ = {isa = PBXBuildFile; fileRef = A929FDE2288248A000334E21 /* LoginEndPoint.swift */; };
		A929FDE62882671400334E21 /* NetworkLoggerPlugIn.swift in Sources */ = {isa = PBXBuildFile; fileRef = A929FDE52882671400334E21 /* NetworkLoggerPlugIn.swift */; };
		A929FDE92882919E00334E21 /* CombineMoya in Frameworks */ = {isa = PBXBuildFile; productRef = A929FDE82882919E00334E21 /* CombineMoya */; };
		A929FDEB2882919E00334E21 /* Moya in Frameworks */ = {isa = PBXBuildFile; productRef = A929FDEA2882919E00334E21 /* Moya */; };
		A929FDED2882919E00334E21 /* ReactiveMoya in Frameworks */ = {isa = PBXBuildFile; productRef = A929FDEC2882919E00334E21 /* ReactiveMoya */; };
		A929FDEF2882919E00334E21 /* RxMoya in Frameworks */ = {isa = PBXBuildFile; productRef = A929FDEE2882919E00334E21 /* RxMoya */; };
		A929FDF12882931800334E21 /* APIEnvironment.swift in Sources */ = {isa = PBXBuildFile; fileRef = A929FDF02882931800334E21 /* APIEnvironment.swift */; };
		A932C46428858D6500803302 /* LogInAuth.swift in Sources */ = {isa = PBXBuildFile; fileRef = A932C46328858D6500803302 /* LogInAuth.swift */; };
		A932C46628858F3B00803302 /* DeliveryView.swift in Sources */ = {isa = PBXBuildFile; fileRef = A932C46528858F3B00803302 /* DeliveryView.swift */; };
		A932C47428859FE600803302 /* PictureErrorHandling.swift in Sources */ = {isa = PBXBuildFile; fileRef = A932C47328859FE600803302 /* PictureErrorHandling.swift */; };
		A973F1E1287B19D700323A17 /* PicturePicker.swift in Sources */ = {isa = PBXBuildFile; fileRef = A973F1E0287B19D700323A17 /* PicturePicker.swift */; };
		A9B32A8828867A9600530B51 /* Text+Extension.swift in Sources */ = {isa = PBXBuildFile; fileRef = A9B32A8728867A9600530B51 /* Text+Extension.swift */; };
		A9B32A8A28867AB600530B51 /* BackButton+Extension.swift in Sources */ = {isa = PBXBuildFile; fileRef = A9B32A8928867AB600530B51 /* BackButton+Extension.swift */; };
		C915A80928990592003154AB /* EventStoreViewModel.swift in Sources */ = {isa = PBXBuildFile; fileRef = C915A80828990592003154AB /* EventStoreViewModel.swift */; };
		C92E31CD28795A25000A315C /* CalendarModel.swift in Sources */ = {isa = PBXBuildFile; fileRef = C92E31CC28795A25000A315C /* CalendarModel.swift */; };
		C92E31CF28795B0E000A315C /* FlowerModel.swift in Sources */ = {isa = PBXBuildFile; fileRef = C92E31CE28795B0E000A315C /* FlowerModel.swift */; };
		C92E31D128795B1A000A315C /* Letter.swift in Sources */ = {isa = PBXBuildFile; fileRef = C92E31D028795B1A000A315C /* Letter.swift */; };
		C92E31D928795B41000A315C /* NetworkModel.swift in Sources */ = {isa = PBXBuildFile; fileRef = C92E31D828795B41000A315C /* NetworkModel.swift */; };
		C92E31DB28795B60000A315C /* CalendarView.swift in Sources */ = {isa = PBXBuildFile; fileRef = C92E31DA28795B60000A315C /* CalendarView.swift */; };
		C92E31DD28795B71000A315C /* CoupleInformationView.swift in Sources */ = {isa = PBXBuildFile; fileRef = C92E31DC28795B71000A315C /* CoupleInformationView.swift */; };
		C92E31DF28795B7A000A315C /* FlowerView.swift in Sources */ = {isa = PBXBuildFile; fileRef = C92E31DE28795B7A000A315C /* FlowerView.swift */; };
		C92E31E328795B8A000A315C /* PictureListView.swift in Sources */ = {isa = PBXBuildFile; fileRef = C92E31E228795B8A000A315C /* PictureListView.swift */; };
		C92E31E528795B96000A315C /* VoicemailView.swift in Sources */ = {isa = PBXBuildFile; fileRef = C92E31E428795B96000A315C /* VoicemailView.swift */; };
		C92E31E928795BA9000A315C /* GiftListView.swift in Sources */ = {isa = PBXBuildFile; fileRef = C92E31E828795BA9000A315C /* GiftListView.swift */; };
		C92E31EB28795BB0000A315C /* (null) in Sources */ = {isa = PBXBuildFile; };
		C92E31ED28795C06000A315C /* DateToStringUpcomingEventsViewModel.swift in Sources */ = {isa = PBXBuildFile; fileRef = C92E31EC28795C06000A315C /* DateToStringUpcomingEventsViewModel.swift */; };
		C92E31EF28795C15000A315C /* FlowerViewModel.swift in Sources */ = {isa = PBXBuildFile; fileRef = C92E31EE28795C15000A315C /* FlowerViewModel.swift */; };
		C92E31F128795C1A000A315C /* LetterViewModel.swift in Sources */ = {isa = PBXBuildFile; fileRef = C92E31F028795C1A000A315C /* LetterViewModel.swift */; };
		C92E31F328795C21000A315C /* PictureViewModel.swift in Sources */ = {isa = PBXBuildFile; fileRef = C92E31F228795C21000A315C /* PictureViewModel.swift */; };
		C92E31F728795C36000A315C /* NetworkViewModel.swift in Sources */ = {isa = PBXBuildFile; fileRef = C92E31F628795C36000A315C /* NetworkViewModel.swift */; };
		C92E31F928795C3D000A315C /* SignInViewModel.swift in Sources */ = {isa = PBXBuildFile; fileRef = C92E31F828795C3D000A315C /* SignInViewModel.swift */; };
		C92E31FB28795C54000A315C /* Util.swift in Sources */ = {isa = PBXBuildFile; fileRef = C92E31FA28795C54000A315C /* Util.swift */; };
		C92E31FD28795C62000A315C /* Config.swift in Sources */ = {isa = PBXBuildFile; fileRef = C92E31FC28795C62000A315C /* Config.swift */; };
		C92E31FF28795C6F000A315C /* CalendarDTO.swift in Sources */ = {isa = PBXBuildFile; fileRef = C92E31FE28795C6F000A315C /* CalendarDTO.swift */; };
		C92E320128795C78000A315C /* CalendarEndPoint.swift in Sources */ = {isa = PBXBuildFile; fileRef = C92E320028795C78000A315C /* CalendarEndPoint.swift */; };
		C92E320328795C81000A315C /* CalendarService.swift in Sources */ = {isa = PBXBuildFile; fileRef = C92E320228795C81000A315C /* CalendarService.swift */; };
		C92E320528795C94000A315C /* FlowerDTO.swift in Sources */ = {isa = PBXBuildFile; fileRef = C92E320428795C94000A315C /* FlowerDTO.swift */; };
		C92E320728795C9A000A315C /* LetterDTO.swift in Sources */ = {isa = PBXBuildFile; fileRef = C92E320628795C9A000A315C /* LetterDTO.swift */; };
		C92E320928795CA2000A315C /* PictureDTO.swift in Sources */ = {isa = PBXBuildFile; fileRef = C92E320828795CA2000A315C /* PictureDTO.swift */; };
		C92E320B28795CCB000A315C /* VoiceMailDTO.swift in Sources */ = {isa = PBXBuildFile; fileRef = C92E320A28795CCB000A315C /* VoiceMailDTO.swift */; };
		C92E320D28795CDD000A315C /* FlowerEndPoint.swift in Sources */ = {isa = PBXBuildFile; fileRef = C92E320C28795CDD000A315C /* FlowerEndPoint.swift */; };
		C92E320F28795CE3000A315C /* LetterEndPoint.swift in Sources */ = {isa = PBXBuildFile; fileRef = C92E320E28795CE3000A315C /* LetterEndPoint.swift */; };
		C92E321128795CEF000A315C /* PictureEndPoint.swift in Sources */ = {isa = PBXBuildFile; fileRef = C92E321028795CEF000A315C /* PictureEndPoint.swift */; };
		C92E321328795CF8000A315C /* VoiceMailEndPoint.swift in Sources */ = {isa = PBXBuildFile; fileRef = C92E321228795CF8000A315C /* VoiceMailEndPoint.swift */; };
		C92E321528795D05000A315C /* FlowerService.swift in Sources */ = {isa = PBXBuildFile; fileRef = C92E321428795D05000A315C /* FlowerService.swift */; };
		C92E321728795D0D000A315C /* LetterService.swift in Sources */ = {isa = PBXBuildFile; fileRef = C92E321628795D0D000A315C /* LetterService.swift */; };
		C92E321928795D13000A315C /* PictureService.swift in Sources */ = {isa = PBXBuildFile; fileRef = C92E321828795D13000A315C /* PictureService.swift */; };
		C92E321B28795D1D000A315C /* VoiceMailService.swift in Sources */ = {isa = PBXBuildFile; fileRef = C92E321A28795D1D000A315C /* VoiceMailService.swift */; };
		C936B2F8289FB2D800011C64 /* DateToStringUpcomingEventsViewModel.swift in Sources */ = {isa = PBXBuildFile; fileRef = C92E31EC28795C06000A315C /* DateToStringUpcomingEventsViewModel.swift */; };
		C936B2FA289FB7C800011C64 /* DatePicker+Extension.swift in Sources */ = {isa = PBXBuildFile; fileRef = C936B2F9289FB7C800011C64 /* DatePicker+Extension.swift */; };
		C93DEA23287ACE440045508C /* SendFlowerView.swift in Sources */ = {isa = PBXBuildFile; fileRef = C93DEA22287ACE440045508C /* SendFlowerView.swift */; };
		C93DEA2B287ACE960045508C /* SendPictureView.swift in Sources */ = {isa = PBXBuildFile; fileRef = C93DEA2A287ACE960045508C /* SendPictureView.swift */; };
		C93DEA2D287ACEA20045508C /* SendVoiceMailView.swift in Sources */ = {isa = PBXBuildFile; fileRef = C93DEA2C287ACEA20045508C /* SendVoiceMailView.swift */; };
		C974DDC52883C97700698BFA /* UpcomingEventsModel.swift in Sources */ = {isa = PBXBuildFile; fileRef = C974DDC42883C97700698BFA /* UpcomingEventsModel.swift */; };
		C974DDC72883CB5A00698BFA /* Date+Extension.swift in Sources */ = {isa = PBXBuildFile; fileRef = C974DDC62883CB5A00698BFA /* Date+Extension.swift */; };
		C974DDC92883CB8D00698BFA /* Calendar+Extension.swift in Sources */ = {isa = PBXBuildFile; fileRef = C974DDC82883CB8D00698BFA /* Calendar+Extension.swift */; };
		C974DDCD2883CC4900698BFA /* UpcomingEventsView.swift in Sources */ = {isa = PBXBuildFile; fileRef = C974DDCC2883CC4900698BFA /* UpcomingEventsView.swift */; };
		C974DDCF2883CC6400698BFA /* PopupDate.swift in Sources */ = {isa = PBXBuildFile; fileRef = C974DDCE2883CC6400698BFA /* PopupDate.swift */; };
		C974DDD12883CC8900698BFA /* AddUpcomingEventView.swift in Sources */ = {isa = PBXBuildFile; fileRef = C974DDD02883CC8900698BFA /* AddUpcomingEventView.swift */; };
		C9BE6C86287561D400B782B9 /* liveOnRebootApp.swift in Sources */ = {isa = PBXBuildFile; fileRef = C9BE6C85287561D400B782B9 /* liveOnRebootApp.swift */; };
		C9BE6C88287561D400B782B9 /* ContentView.swift in Sources */ = {isa = PBXBuildFile; fileRef = C9BE6C87287561D400B782B9 /* ContentView.swift */; };
		C9BE6C8A287561D500B782B9 /* Assets.xcassets in Resources */ = {isa = PBXBuildFile; fileRef = C9BE6C89287561D500B782B9 /* Assets.xcassets */; };
		C9BE6C8D287561D500B782B9 /* Preview Assets.xcassets in Resources */ = {isa = PBXBuildFile; fileRef = C9BE6C8C287561D500B782B9 /* Preview Assets.xcassets */; };
/* End PBXBuildFile section */

/* Begin PBXFileReference section */
		3EEF02CE287AC9DE0010CA03 /* VoicemailViewModel.swift */ = {isa = PBXFileReference; lastKnownFileType = sourcecode.swift; path = VoicemailViewModel.swift; sourceTree = "<group>"; };
		3EEF02D0287AF3960010CA03 /* VoicemailModel.swift */ = {isa = PBXFileReference; lastKnownFileType = sourcecode.swift; path = VoicemailModel.swift; sourceTree = "<group>"; };
		3EEF02D2287AFA920010CA03 /* SingleVoicemailView.swift */ = {isa = PBXFileReference; lastKnownFileType = sourcecode.swift; path = SingleVoicemailView.swift; sourceTree = "<group>"; };
		7707956F287E91F000D8C081 /* 나눔손글씨 중학생.ttf */ = {isa = PBXFileReference; lastKnownFileType = file; path = "나눔손글씨 중학생.ttf"; sourceTree = "<group>"; };
		772A607C28AFA7A7005F5A4F /* letterColorStyle.swift */ = {isa = PBXFileReference; lastKnownFileType = sourcecode.swift; path = letterColorStyle.swift; sourceTree = "<group>"; };
		772ED6F028B08D8E00372993 /* GettingStartView.swift */ = {isa = PBXFileReference; lastKnownFileType = sourcecode.swift; path = GettingStartView.swift; sourceTree = "<group>"; };
		772ED6F228B08DF500372993 /* AuthenticationViewModel.swift */ = {isa = PBXFileReference; lastKnownFileType = sourcecode.swift; path = AuthenticationViewModel.swift; sourceTree = "<group>"; };
		772ED6F428B08E1D00372993 /* AppleUser.swift */ = {isa = PBXFileReference; fileEncoding = 4; lastKnownFileType = sourcecode.swift; path = AppleUser.swift; sourceTree = "<group>"; };
		772ED6F628B08ED100372993 /* liveOnReboot.entitlements */ = {isa = PBXFileReference; lastKnownFileType = text.plist.entitlements; path = liveOnReboot.entitlements; sourceTree = "<group>"; };
		773185BA287C4A9F00120FF9 /* Font+Extension.swift */ = {isa = PBXFileReference; lastKnownFileType = sourcecode.swift; path = "Font+Extension.swift"; sourceTree = "<group>"; };
		773185BD287C4B8F00120FF9 /* NerkoOne-Regular.ttf */ = {isa = PBXFileReference; lastKnownFileType = file; path = "NerkoOne-Regular.ttf"; sourceTree = "<group>"; };
		773185BF287C4CB900120FF9 /* liveOnReboot-Info.plist */ = {isa = PBXFileReference; lastKnownFileType = text.plist; path = "liveOnReboot-Info.plist"; sourceTree = "<group>"; };
		773185C2287C56FE00120FF9 /* Color+Extension.swift */ = {isa = PBXFileReference; lastKnownFileType = sourcecode.swift; path = "Color+Extension.swift"; sourceTree = "<group>"; };
		776502DF28B4B8E300A46153 /* SignInDTO.swift */ = {isa = PBXFileReference; lastKnownFileType = sourcecode.swift; path = SignInDTO.swift; sourceTree = "<group>"; };
		776502E428B4B92800A46153 /* SignInEndPoint.swift */ = {isa = PBXFileReference; lastKnownFileType = sourcecode.swift; path = SignInEndPoint.swift; sourceTree = "<group>"; };
		776502E628B4B93000A46153 /* SignInService.swift */ = {isa = PBXFileReference; lastKnownFileType = sourcecode.swift; path = SignInService.swift; sourceTree = "<group>"; };
		77651D0528B0924700994C15 /* SignInLayoutView.swift */ = {isa = PBXFileReference; lastKnownFileType = sourcecode.swift; path = SignInLayoutView.swift; sourceTree = "<group>"; };
		77651D0728B0939100994C15 /* InputNickNameView.swift */ = {isa = PBXFileReference; lastKnownFileType = sourcecode.swift; path = InputNickNameView.swift; sourceTree = "<group>"; };
		77651D0928B093CF00994C15 /* SignInLiteral.swift */ = {isa = PBXFileReference; lastKnownFileType = sourcecode.swift; path = SignInLiteral.swift; sourceTree = "<group>"; };
		77651D0B28B09F5500994C15 /* InputBirthDayView.swift */ = {isa = PBXFileReference; lastKnownFileType = sourcecode.swift; path = InputBirthDayView.swift; sourceTree = "<group>"; };
		77651D0D28B09FF400994C15 /* SignInUser.swift */ = {isa = PBXFileReference; lastKnownFileType = sourcecode.swift; path = SignInUser.swift; sourceTree = "<group>"; };
		77651D0F28B0AD3500994C15 /* InputOfficialDateView.swift */ = {isa = PBXFileReference; lastKnownFileType = sourcecode.swift; path = InputOfficialDateView.swift; sourceTree = "<group>"; };
		77651D1128B0B1DA00994C15 /* InviteCodeView.swift */ = {isa = PBXFileReference; lastKnownFileType = sourcecode.swift; path = InviteCodeView.swift; sourceTree = "<group>"; };
		77651D1328B0B51600994C15 /* ShareSheet.swift */ = {isa = PBXFileReference; lastKnownFileType = sourcecode.swift; path = ShareSheet.swift; sourceTree = "<group>"; };
		77651D1528B0B7E100994C15 /* EnterCodeView.swift */ = {isa = PBXFileReference; lastKnownFileType = sourcecode.swift; path = EnterCodeView.swift; sourceTree = "<group>"; };
		77651D1728B0B7FA00994C15 /* WelcomMatchingView.swift */ = {isa = PBXFileReference; fileEncoding = 4; lastKnownFileType = sourcecode.swift; path = WelcomMatchingView.swift; sourceTree = "<group>"; };
		77651D1928B0BD5800994C15 /* GiftBoxView.swift */ = {isa = PBXFileReference; lastKnownFileType = sourcecode.swift; path = GiftBoxView.swift; sourceTree = "<group>"; };
		77EB4488289FD6C00006F3CB /* LetterListView.swift */ = {isa = PBXFileReference; lastKnownFileType = sourcecode.swift; path = LetterListView.swift; sourceTree = "<group>"; };
		77F6F127288FCF9700263BBB /* Date+Extension.swift */ = {isa = PBXFileReference; lastKnownFileType = sourcecode.swift; path = "Date+Extension.swift"; sourceTree = "<group>"; };
		77F6F12D288FD5E700263BBB /* textLimit.swift */ = {isa = PBXFileReference; lastKnownFileType = sourcecode.swift; path = textLimit.swift; sourceTree = "<group>"; };
		77F6F19228900C5700263BBB /* placeHolder.swift */ = {isa = PBXFileReference; lastKnownFileType = sourcecode.swift; path = placeHolder.swift; sourceTree = "<group>"; };
		A929FDE02882486A00334E21 /* LoginDTO.swift */ = {isa = PBXFileReference; lastKnownFileType = sourcecode.swift; path = LoginDTO.swift; sourceTree = "<group>"; };
		A929FDE2288248A000334E21 /* LoginEndPoint.swift */ = {isa = PBXFileReference; lastKnownFileType = sourcecode.swift; path = LoginEndPoint.swift; sourceTree = "<group>"; };
		A929FDE52882671400334E21 /* NetworkLoggerPlugIn.swift */ = {isa = PBXFileReference; lastKnownFileType = sourcecode.swift; path = NetworkLoggerPlugIn.swift; sourceTree = "<group>"; };
		A929FDF02882931800334E21 /* APIEnvironment.swift */ = {isa = PBXFileReference; lastKnownFileType = sourcecode.swift; path = APIEnvironment.swift; sourceTree = "<group>"; };
		A932C46328858D6500803302 /* LogInAuth.swift */ = {isa = PBXFileReference; lastKnownFileType = sourcecode.swift; path = LogInAuth.swift; sourceTree = "<group>"; };
		A932C46528858F3B00803302 /* DeliveryView.swift */ = {isa = PBXFileReference; lastKnownFileType = sourcecode.swift; path = DeliveryView.swift; sourceTree = "<group>"; };
		A932C47328859FE600803302 /* PictureErrorHandling.swift */ = {isa = PBXFileReference; fileEncoding = 4; lastKnownFileType = sourcecode.swift; path = PictureErrorHandling.swift; sourceTree = "<group>"; };
		A973F1E0287B19D700323A17 /* PicturePicker.swift */ = {isa = PBXFileReference; lastKnownFileType = sourcecode.swift; path = PicturePicker.swift; sourceTree = "<group>"; };
		A9B32A8728867A9600530B51 /* Text+Extension.swift */ = {isa = PBXFileReference; lastKnownFileType = sourcecode.swift; path = "Text+Extension.swift"; sourceTree = "<group>"; };
		A9B32A8928867AB600530B51 /* BackButton+Extension.swift */ = {isa = PBXFileReference; lastKnownFileType = sourcecode.swift; path = "BackButton+Extension.swift"; sourceTree = "<group>"; };
		C915A80828990592003154AB /* EventStoreViewModel.swift */ = {isa = PBXFileReference; lastKnownFileType = sourcecode.swift; path = EventStoreViewModel.swift; sourceTree = "<group>"; };
		C92E31CC28795A25000A315C /* CalendarModel.swift */ = {isa = PBXFileReference; lastKnownFileType = sourcecode.swift; path = CalendarModel.swift; sourceTree = "<group>"; };
		C92E31CE28795B0E000A315C /* FlowerModel.swift */ = {isa = PBXFileReference; lastKnownFileType = sourcecode.swift; path = FlowerModel.swift; sourceTree = "<group>"; };
		C92E31D028795B1A000A315C /* Letter.swift */ = {isa = PBXFileReference; lastKnownFileType = sourcecode.swift; path = Letter.swift; sourceTree = "<group>"; };
		C92E31D828795B41000A315C /* NetworkModel.swift */ = {isa = PBXFileReference; lastKnownFileType = sourcecode.swift; path = NetworkModel.swift; sourceTree = "<group>"; };
		C92E31DA28795B60000A315C /* CalendarView.swift */ = {isa = PBXFileReference; lastKnownFileType = sourcecode.swift; path = CalendarView.swift; sourceTree = "<group>"; };
		C92E31DC28795B71000A315C /* CoupleInformationView.swift */ = {isa = PBXFileReference; lastKnownFileType = sourcecode.swift; path = CoupleInformationView.swift; sourceTree = "<group>"; };
		C92E31DE28795B7A000A315C /* FlowerView.swift */ = {isa = PBXFileReference; lastKnownFileType = sourcecode.swift; path = FlowerView.swift; sourceTree = "<group>"; };
		C92E31E228795B8A000A315C /* PictureListView.swift */ = {isa = PBXFileReference; lastKnownFileType = sourcecode.swift; path = PictureListView.swift; sourceTree = "<group>"; };
		C92E31E428795B96000A315C /* VoicemailView.swift */ = {isa = PBXFileReference; lastKnownFileType = sourcecode.swift; path = VoicemailView.swift; sourceTree = "<group>"; };
		C92E31E828795BA9000A315C /* GiftListView.swift */ = {isa = PBXFileReference; lastKnownFileType = sourcecode.swift; path = GiftListView.swift; sourceTree = "<group>"; };
		C92E31EC28795C06000A315C /* DateToStringUpcomingEventsViewModel.swift */ = {isa = PBXFileReference; lastKnownFileType = sourcecode.swift; path = DateToStringUpcomingEventsViewModel.swift; sourceTree = "<group>"; };
		C92E31EE28795C15000A315C /* FlowerViewModel.swift */ = {isa = PBXFileReference; lastKnownFileType = sourcecode.swift; path = FlowerViewModel.swift; sourceTree = "<group>"; };
		C92E31F028795C1A000A315C /* LetterViewModel.swift */ = {isa = PBXFileReference; lastKnownFileType = sourcecode.swift; path = LetterViewModel.swift; sourceTree = "<group>"; };
		C92E31F228795C21000A315C /* PictureViewModel.swift */ = {isa = PBXFileReference; lastKnownFileType = sourcecode.swift; path = PictureViewModel.swift; sourceTree = "<group>"; };
		C92E31F628795C36000A315C /* NetworkViewModel.swift */ = {isa = PBXFileReference; lastKnownFileType = sourcecode.swift; path = NetworkViewModel.swift; sourceTree = "<group>"; };
		C92E31F828795C3D000A315C /* SignInViewModel.swift */ = {isa = PBXFileReference; lastKnownFileType = sourcecode.swift; path = SignInViewModel.swift; sourceTree = "<group>"; };
		C92E31FA28795C54000A315C /* Util.swift */ = {isa = PBXFileReference; lastKnownFileType = sourcecode.swift; path = Util.swift; sourceTree = "<group>"; };
		C92E31FC28795C62000A315C /* Config.swift */ = {isa = PBXFileReference; lastKnownFileType = sourcecode.swift; path = Config.swift; sourceTree = "<group>"; };
		C92E31FE28795C6F000A315C /* CalendarDTO.swift */ = {isa = PBXFileReference; lastKnownFileType = sourcecode.swift; path = CalendarDTO.swift; sourceTree = "<group>"; };
		C92E320028795C78000A315C /* CalendarEndPoint.swift */ = {isa = PBXFileReference; lastKnownFileType = sourcecode.swift; path = CalendarEndPoint.swift; sourceTree = "<group>"; };
		C92E320228795C81000A315C /* CalendarService.swift */ = {isa = PBXFileReference; lastKnownFileType = sourcecode.swift; path = CalendarService.swift; sourceTree = "<group>"; };
		C92E320428795C94000A315C /* FlowerDTO.swift */ = {isa = PBXFileReference; lastKnownFileType = sourcecode.swift; path = FlowerDTO.swift; sourceTree = "<group>"; };
		C92E320628795C9A000A315C /* LetterDTO.swift */ = {isa = PBXFileReference; lastKnownFileType = sourcecode.swift; path = LetterDTO.swift; sourceTree = "<group>"; };
		C92E320828795CA2000A315C /* PictureDTO.swift */ = {isa = PBXFileReference; lastKnownFileType = sourcecode.swift; path = PictureDTO.swift; sourceTree = "<group>"; };
		C92E320A28795CCB000A315C /* VoiceMailDTO.swift */ = {isa = PBXFileReference; lastKnownFileType = sourcecode.swift; path = VoiceMailDTO.swift; sourceTree = "<group>"; };
		C92E320C28795CDD000A315C /* FlowerEndPoint.swift */ = {isa = PBXFileReference; lastKnownFileType = sourcecode.swift; path = FlowerEndPoint.swift; sourceTree = "<group>"; };
		C92E320E28795CE3000A315C /* LetterEndPoint.swift */ = {isa = PBXFileReference; lastKnownFileType = sourcecode.swift; path = LetterEndPoint.swift; sourceTree = "<group>"; };
		C92E321028795CEF000A315C /* PictureEndPoint.swift */ = {isa = PBXFileReference; lastKnownFileType = sourcecode.swift; path = PictureEndPoint.swift; sourceTree = "<group>"; };
		C92E321228795CF8000A315C /* VoiceMailEndPoint.swift */ = {isa = PBXFileReference; lastKnownFileType = sourcecode.swift; path = VoiceMailEndPoint.swift; sourceTree = "<group>"; };
		C92E321428795D05000A315C /* FlowerService.swift */ = {isa = PBXFileReference; lastKnownFileType = sourcecode.swift; path = FlowerService.swift; sourceTree = "<group>"; };
		C92E321628795D0D000A315C /* LetterService.swift */ = {isa = PBXFileReference; lastKnownFileType = sourcecode.swift; path = LetterService.swift; sourceTree = "<group>"; };
		C92E321828795D13000A315C /* PictureService.swift */ = {isa = PBXFileReference; lastKnownFileType = sourcecode.swift; path = PictureService.swift; sourceTree = "<group>"; };
		C92E321A28795D1D000A315C /* VoiceMailService.swift */ = {isa = PBXFileReference; lastKnownFileType = sourcecode.swift; path = VoiceMailService.swift; sourceTree = "<group>"; };
		C936B2F9289FB7C800011C64 /* DatePicker+Extension.swift */ = {isa = PBXFileReference; lastKnownFileType = sourcecode.swift; path = "DatePicker+Extension.swift"; sourceTree = "<group>"; };
		C93DEA22287ACE440045508C /* SendFlowerView.swift */ = {isa = PBXFileReference; lastKnownFileType = sourcecode.swift; path = SendFlowerView.swift; sourceTree = "<group>"; };
		C93DEA28287ACE8D0045508C /* SendLetterView.swift */ = {isa = PBXFileReference; lastKnownFileType = sourcecode.swift; path = SendLetterView.swift; sourceTree = "<group>"; };
		C93DEA2A287ACE960045508C /* SendPictureView.swift */ = {isa = PBXFileReference; lastKnownFileType = sourcecode.swift; path = SendPictureView.swift; sourceTree = "<group>"; };
		C93DEA2C287ACEA20045508C /* SendVoiceMailView.swift */ = {isa = PBXFileReference; lastKnownFileType = sourcecode.swift; path = SendVoiceMailView.swift; sourceTree = "<group>"; };
		C974DDC42883C97700698BFA /* UpcomingEventsModel.swift */ = {isa = PBXFileReference; lastKnownFileType = sourcecode.swift; path = UpcomingEventsModel.swift; sourceTree = "<group>"; };
		C974DDC62883CB5A00698BFA /* Date+Extension.swift */ = {isa = PBXFileReference; lastKnownFileType = sourcecode.swift; path = "Date+Extension.swift"; sourceTree = "<group>"; };
		C974DDC82883CB8D00698BFA /* Calendar+Extension.swift */ = {isa = PBXFileReference; lastKnownFileType = sourcecode.swift; path = "Calendar+Extension.swift"; sourceTree = "<group>"; };
		C974DDCC2883CC4900698BFA /* UpcomingEventsView.swift */ = {isa = PBXFileReference; lastKnownFileType = sourcecode.swift; path = UpcomingEventsView.swift; sourceTree = "<group>"; };
		C974DDCE2883CC6400698BFA /* PopupDate.swift */ = {isa = PBXFileReference; lastKnownFileType = sourcecode.swift; path = PopupDate.swift; sourceTree = "<group>"; };
		C974DDD02883CC8900698BFA /* AddUpcomingEventView.swift */ = {isa = PBXFileReference; lastKnownFileType = sourcecode.swift; path = AddUpcomingEventView.swift; sourceTree = "<group>"; };
		C9BE6C82287561D400B782B9 /* liveOnReboot.app */ = {isa = PBXFileReference; explicitFileType = wrapper.application; includeInIndex = 0; path = liveOnReboot.app; sourceTree = BUILT_PRODUCTS_DIR; };
		C9BE6C85287561D400B782B9 /* liveOnRebootApp.swift */ = {isa = PBXFileReference; lastKnownFileType = sourcecode.swift; path = liveOnRebootApp.swift; sourceTree = "<group>"; };
		C9BE6C87287561D400B782B9 /* ContentView.swift */ = {isa = PBXFileReference; lastKnownFileType = sourcecode.swift; path = ContentView.swift; sourceTree = "<group>"; };
		C9BE6C89287561D500B782B9 /* Assets.xcassets */ = {isa = PBXFileReference; lastKnownFileType = folder.assetcatalog; path = Assets.xcassets; sourceTree = "<group>"; };
		C9BE6C8C287561D500B782B9 /* Preview Assets.xcassets */ = {isa = PBXFileReference; lastKnownFileType = folder.assetcatalog; path = "Preview Assets.xcassets"; sourceTree = "<group>"; };
/* End PBXFileReference section */

/* Begin PBXFrameworksBuildPhase section */
		C9BE6C7F287561D400B782B9 /* Frameworks */ = {
			isa = PBXFrameworksBuildPhase;
			buildActionMask = 2147483647;
			files = (
				A929FDEB2882919E00334E21 /* Moya in Frameworks */,
				A929FDE92882919E00334E21 /* CombineMoya in Frameworks */,
				A929FDEF2882919E00334E21 /* RxMoya in Frameworks */,
				A929FDED2882919E00334E21 /* ReactiveMoya in Frameworks */,
			);
			runOnlyForDeploymentPostprocessing = 0;
		};
/* End PBXFrameworksBuildPhase section */

/* Begin PBXGroup section */
		773185B9287C4A6500120FF9 /* Extensions */ = {
			isa = PBXGroup;
			children = (
				773185BA287C4A9F00120FF9 /* Font+Extension.swift */,
				773185C2287C56FE00120FF9 /* Color+Extension.swift */,
				C974DDC62883CB5A00698BFA /* Date+Extension.swift */,
				C974DDC82883CB8D00698BFA /* Calendar+Extension.swift */,
				A9B32A8728867A9600530B51 /* Text+Extension.swift */,
				A9B32A8928867AB600530B51 /* BackButton+Extension.swift */,
				C936B2F9289FB7C800011C64 /* DatePicker+Extension.swift */,
				77F6F127288FCF9700263BBB /* Date+Extension.swift */,
			);
			path = Extensions;
			sourceTree = "<group>";
		};
		773185BC287C4B7D00120FF9 /* Fonts */ = {
			isa = PBXGroup;
			children = (
				7707956F287E91F000D8C081 /* 나눔손글씨 중학생.ttf */,
				773185BD287C4B8F00120FF9 /* NerkoOne-Regular.ttf */,
			);
			path = Fonts;
			sourceTree = "<group>";
		};
		776502E128B4B8EF00A46153 /* SignIn */ = {
			isa = PBXGroup;
			children = (
				776502DF28B4B8E300A46153 /* SignInDTO.swift */,
				776502E428B4B92800A46153 /* SignInEndPoint.swift */,
				776502E628B4B93000A46153 /* SignInService.swift */,
			);
			path = SignIn;
			sourceTree = "<group>";
		};
		77F6F19128900C4800263BBB /* Literal */ = {
			isa = PBXGroup;
			children = (
				77F6F12D288FD5E700263BBB /* textLimit.swift */,
				77F6F19228900C5700263BBB /* placeHolder.swift */,
				772A607C28AFA7A7005F5A4F /* letterColorStyle.swift */,
				77651D0928B093CF00994C15 /* SignInLiteral.swift */,
			);
			path = Literal;
			sourceTree = "<group>";
		};
		C93A4BDA287926DC00A277AC /* Resource */ = {
			isa = PBXGroup;
			children = (
				773185BC287C4B7D00120FF9 /* Fonts */,
				C9BE6C89287561D500B782B9 /* Assets.xcassets */,
			);
			path = Resource;
			sourceTree = "<group>";
		};
		C93A4BDB287926F900A277AC /* Util */ = {
			isa = PBXGroup;
			children = (
				77F6F19128900C4800263BBB /* Literal */,
				C92E31FA28795C54000A315C /* Util.swift */,
				77651D1328B0B51600994C15 /* ShareSheet.swift */,
			);
			path = Util;
			sourceTree = "<group>";
		};
		C93A4BDC2879274000A277AC /* Network */ = {
			isa = PBXGroup;
			children = (
				776502E128B4B8EF00A46153 /* SignIn */,
				C93A4BDD2879274A00A277AC /* Config */,
				C93A4BDE2879275300A277AC /* Calendar */,
				C93A4BDF2879276600A277AC /* Gift */,
			);
			path = Network;
			sourceTree = "<group>";
		};
		C93A4BDD2879274A00A277AC /* Config */ = {
			isa = PBXGroup;
			children = (
				C92E31FC28795C62000A315C /* Config.swift */,
				A929FDF02882931800334E21 /* APIEnvironment.swift */,
				A929FDE52882671400334E21 /* NetworkLoggerPlugIn.swift */,
				A929FDE2288248A000334E21 /* LoginEndPoint.swift */,
				A929FDE02882486A00334E21 /* LoginDTO.swift */,
				A932C46328858D6500803302 /* LogInAuth.swift */,
			);
			path = Config;
			sourceTree = "<group>";
		};
		C93A4BDE2879275300A277AC /* Calendar */ = {
			isa = PBXGroup;
			children = (
				C93A4BE6287927C700A277AC /* DTO */,
				C93A4BE5287927C400A277AC /* EndPoint */,
				C93A4BE4287927C200A277AC /* Service */,
			);
			path = Calendar;
			sourceTree = "<group>";
		};
		C93A4BDF2879276600A277AC /* Gift */ = {
			isa = PBXGroup;
			children = (
				C93A4BE32879279300A277AC /* Flower */,
				C93A4BE22879279100A277AC /* Letter */,
				C93A4BE12879278900A277AC /* Picture */,
				C93A4BE02879278300A277AC /* VoiceMail */,
			);
			path = Gift;
			sourceTree = "<group>";
		};
		C93A4BE02879278300A277AC /* VoiceMail */ = {
			isa = PBXGroup;
			children = (
				C93A4BF22879282800A277AC /* DTO */,
				C93A4BF12879282700A277AC /* EndPoint */,
				C93A4BF02879282600A277AC /* Service */,
			);
			path = VoiceMail;
			sourceTree = "<group>";
		};
		C93A4BE12879278900A277AC /* Picture */ = {
			isa = PBXGroup;
			children = (
				C93A4BEF2879282400A277AC /* DTO */,
				C93A4BEE2879282300A277AC /* EndPoint */,
				C93A4BED2879282100A277AC /* Service */,
			);
			path = Picture;
			sourceTree = "<group>";
		};
		C93A4BE22879279100A277AC /* Letter */ = {
			isa = PBXGroup;
			children = (
				C93A4BEC2879281F00A277AC /* DTO */,
				C93A4BEB2879281E00A277AC /* EndPoint */,
				C93A4BEA2879281D00A277AC /* Service */,
			);
			path = Letter;
			sourceTree = "<group>";
		};
		C93A4BE32879279300A277AC /* Flower */ = {
			isa = PBXGroup;
			children = (
				C93A4BE92879281B00A277AC /* DTO */,
				C93A4BE82879281900A277AC /* EndPoint */,
				C93A4BE72879281400A277AC /* Service */,
			);
			path = Flower;
			sourceTree = "<group>";
		};
		C93A4BE4287927C200A277AC /* Service */ = {
			isa = PBXGroup;
			children = (
				C92E320228795C81000A315C /* CalendarService.swift */,
			);
			path = Service;
			sourceTree = "<group>";
		};
		C93A4BE5287927C400A277AC /* EndPoint */ = {
			isa = PBXGroup;
			children = (
				C92E320028795C78000A315C /* CalendarEndPoint.swift */,
			);
			path = EndPoint;
			sourceTree = "<group>";
		};
		C93A4BE6287927C700A277AC /* DTO */ = {
			isa = PBXGroup;
			children = (
				C92E31FE28795C6F000A315C /* CalendarDTO.swift */,
			);
			path = DTO;
			sourceTree = "<group>";
		};
		C93A4BE72879281400A277AC /* Service */ = {
			isa = PBXGroup;
			children = (
				C92E321428795D05000A315C /* FlowerService.swift */,
			);
			path = Service;
			sourceTree = "<group>";
		};
		C93A4BE82879281900A277AC /* EndPoint */ = {
			isa = PBXGroup;
			children = (
				C92E320C28795CDD000A315C /* FlowerEndPoint.swift */,
			);
			path = EndPoint;
			sourceTree = "<group>";
		};
		C93A4BE92879281B00A277AC /* DTO */ = {
			isa = PBXGroup;
			children = (
				C92E320428795C94000A315C /* FlowerDTO.swift */,
			);
			path = DTO;
			sourceTree = "<group>";
		};
		C93A4BEA2879281D00A277AC /* Service */ = {
			isa = PBXGroup;
			children = (
				C92E321628795D0D000A315C /* LetterService.swift */,
			);
			path = Service;
			sourceTree = "<group>";
		};
		C93A4BEB2879281E00A277AC /* EndPoint */ = {
			isa = PBXGroup;
			children = (
				C92E320E28795CE3000A315C /* LetterEndPoint.swift */,
			);
			path = EndPoint;
			sourceTree = "<group>";
		};
		C93A4BEC2879281F00A277AC /* DTO */ = {
			isa = PBXGroup;
			children = (
				C92E320628795C9A000A315C /* LetterDTO.swift */,
			);
			path = DTO;
			sourceTree = "<group>";
		};
		C93A4BED2879282100A277AC /* Service */ = {
			isa = PBXGroup;
			children = (
				C92E321828795D13000A315C /* PictureService.swift */,
			);
			path = Service;
			sourceTree = "<group>";
		};
		C93A4BEE2879282300A277AC /* EndPoint */ = {
			isa = PBXGroup;
			children = (
				C92E321028795CEF000A315C /* PictureEndPoint.swift */,
			);
			path = EndPoint;
			sourceTree = "<group>";
		};
		C93A4BEF2879282400A277AC /* DTO */ = {
			isa = PBXGroup;
			children = (
				C92E320828795CA2000A315C /* PictureDTO.swift */,
			);
			path = DTO;
			sourceTree = "<group>";
		};
		C93A4BF02879282600A277AC /* Service */ = {
			isa = PBXGroup;
			children = (
				C92E321A28795D1D000A315C /* VoiceMailService.swift */,
			);
			path = Service;
			sourceTree = "<group>";
		};
		C93A4BF12879282700A277AC /* EndPoint */ = {
			isa = PBXGroup;
			children = (
				C92E321228795CF8000A315C /* VoiceMailEndPoint.swift */,
			);
			path = EndPoint;
			sourceTree = "<group>";
		};
		C93A4BF22879282800A277AC /* DTO */ = {
			isa = PBXGroup;
			children = (
				C92E320A28795CCB000A315C /* VoiceMailDTO.swift */,
			);
			path = DTO;
			sourceTree = "<group>";
		};
		C93A4BF32879291500A277AC /* View */ = {
			isa = PBXGroup;
			children = (
				A932C46528858F3B00803302 /* DeliveryView.swift */,
				C9BE6C87287561D400B782B9 /* ContentView.swift */,
				C93A4BFB2879293400A277AC /* Calendar */,
				C93A4BFA2879293200A277AC /* CoupleInformation */,
				C93A4BF92879293100A277AC /* Gift */,
				C93A4BF82879292F00A277AC /* GiftBox */,
				C93A4BF72879292D00A277AC /* GiftList */,
				C93DEA21287ACE200045508C /* SendGift */,
				C93A4BF62879292A00A277AC /* SignIn */,
			);
			path = View;
			sourceTree = "<group>";
		};
		C93A4BF62879292A00A277AC /* SignIn */ = {
			isa = PBXGroup;
			children = (
				772ED6F028B08D8E00372993 /* GettingStartView.swift */,
				77651D0528B0924700994C15 /* SignInLayoutView.swift */,
				77651D0728B0939100994C15 /* InputNickNameView.swift */,
				77651D0B28B09F5500994C15 /* InputBirthDayView.swift */,
				77651D0F28B0AD3500994C15 /* InputOfficialDateView.swift */,
				77651D1128B0B1DA00994C15 /* InviteCodeView.swift */,
				77651D1528B0B7E100994C15 /* EnterCodeView.swift */,
				77651D1728B0B7FA00994C15 /* WelcomMatchingView.swift */,
			);
			path = SignIn;
			sourceTree = "<group>";
		};
		C93A4BF72879292D00A277AC /* GiftList */ = {
			isa = PBXGroup;
			children = (
				C92E31E828795BA9000A315C /* GiftListView.swift */,
			);
			path = GiftList;
			sourceTree = "<group>";
		};
		C93A4BF82879292F00A277AC /* GiftBox */ = {
			isa = PBXGroup;
			children = (
				77651D1928B0BD5800994C15 /* GiftBoxView.swift */,
			);
			path = GiftBox;
			sourceTree = "<group>";
		};
		C93A4BF92879293100A277AC /* Gift */ = {
			isa = PBXGroup;
			children = (
				C93A4BFF2879298500A277AC /* Flower */,
				C93A4BFE2879298400A277AC /* Letter */,
				C93A4BFD2879298200A277AC /* Picture */,
				C93A4BFC2879298100A277AC /* VoiceMail */,
			);
			path = Gift;
			sourceTree = "<group>";
		};
		C93A4BFA2879293200A277AC /* CoupleInformation */ = {
			isa = PBXGroup;
			children = (
				C92E31DC28795B71000A315C /* CoupleInformationView.swift */,
			);
			path = CoupleInformation;
			sourceTree = "<group>";
		};
		C93A4BFB2879293400A277AC /* Calendar */ = {
			isa = PBXGroup;
			children = (
				C92E31DA28795B60000A315C /* CalendarView.swift */,
				C974DDCC2883CC4900698BFA /* UpcomingEventsView.swift */,
				C974DDCE2883CC6400698BFA /* PopupDate.swift */,
				C974DDD02883CC8900698BFA /* AddUpcomingEventView.swift */,
			);
			path = Calendar;
			sourceTree = "<group>";
		};
		C93A4BFC2879298100A277AC /* VoiceMail */ = {
			isa = PBXGroup;
			children = (
				C92E31E428795B96000A315C /* VoicemailView.swift */,
				3EEF02D2287AFA920010CA03 /* SingleVoicemailView.swift */,
			);
			path = VoiceMail;
			sourceTree = "<group>";
		};
		C93A4BFD2879298200A277AC /* Picture */ = {
			isa = PBXGroup;
			children = (
				C92E31E228795B8A000A315C /* PictureListView.swift */,
			);
			path = Picture;
			sourceTree = "<group>";
		};
		C93A4BFE2879298400A277AC /* Letter */ = {
			isa = PBXGroup;
			children = (
				77EB4488289FD6C00006F3CB /* LetterListView.swift */,
			);
			path = Letter;
			sourceTree = "<group>";
		};
		C93A4BFF2879298500A277AC /* Flower */ = {
			isa = PBXGroup;
			children = (
				C92E31DE28795B7A000A315C /* FlowerView.swift */,
			);
			path = Flower;
			sourceTree = "<group>";
		};
		C93A4C0028792B2F00A277AC /* ViewModel */ = {
			isa = PBXGroup;
			children = (
				C93A4C0D28792BB800A277AC /* Calendar */,
				C93A4C0C28792BB600A277AC /* Gift */,
				C93A4C0B28792BB500A277AC /* Network */,
				C93A4C0A28792BB400A277AC /* SignIn */,
			);
			path = ViewModel;
			sourceTree = "<group>";
		};
		C93A4C0128792B3200A277AC /* Model */ = {
			isa = PBXGroup;
			children = (
				C93A4C0528792B6A00A277AC /* Calendar */,
				C93A4C0428792B6800A277AC /* Gift */,
				C93A4C0328792B6700A277AC /* SignIn */,
				C93A4C0228792B6500A277AC /* Network */,
			);
			path = Model;
			sourceTree = "<group>";
		};
		C93A4C0228792B6500A277AC /* Network */ = {
			isa = PBXGroup;
			children = (
				C92E31D828795B41000A315C /* NetworkModel.swift */,
			);
			path = Network;
			sourceTree = "<group>";
		};
		C93A4C0328792B6700A277AC /* SignIn */ = {
			isa = PBXGroup;
			children = (
				772ED6F428B08E1D00372993 /* AppleUser.swift */,
				77651D0D28B09FF400994C15 /* SignInUser.swift */,
			);
			path = SignIn;
			sourceTree = "<group>";
		};
		C93A4C0428792B6800A277AC /* Gift */ = {
			isa = PBXGroup;
			children = (
				C93A4C0928792B8100A277AC /* Flower */,
				C93A4C0828792B7F00A277AC /* Letter */,
				C93A4C0728792B7E00A277AC /* Picture */,
				C93A4C0628792B7C00A277AC /* VoiceMail */,
			);
			path = Gift;
			sourceTree = "<group>";
		};
		C93A4C0528792B6A00A277AC /* Calendar */ = {
			isa = PBXGroup;
			children = (
				C92E31CC28795A25000A315C /* CalendarModel.swift */,
				C974DDC42883C97700698BFA /* UpcomingEventsModel.swift */,
			);
			path = Calendar;
			sourceTree = "<group>";
		};
		C93A4C0628792B7C00A277AC /* VoiceMail */ = {
			isa = PBXGroup;
			children = (
				3EEF02D0287AF3960010CA03 /* VoicemailModel.swift */,
			);
			path = VoiceMail;
			sourceTree = "<group>";
		};
		C93A4C0728792B7E00A277AC /* Picture */ = {
			isa = PBXGroup;
			children = (
				A973F1E0287B19D700323A17 /* PicturePicker.swift */,
				A932C47328859FE600803302 /* PictureErrorHandling.swift */,
			);
			path = Picture;
			sourceTree = "<group>";
		};
		C93A4C0828792B7F00A277AC /* Letter */ = {
			isa = PBXGroup;
			children = (
				C92E31D028795B1A000A315C /* Letter.swift */,
			);
			path = Letter;
			sourceTree = "<group>";
		};
		C93A4C0928792B8100A277AC /* Flower */ = {
			isa = PBXGroup;
			children = (
				C92E31CE28795B0E000A315C /* FlowerModel.swift */,
			);
			path = Flower;
			sourceTree = "<group>";
		};
		C93A4C0A28792BB400A277AC /* SignIn */ = {
			isa = PBXGroup;
			children = (
				C92E31F828795C3D000A315C /* SignInViewModel.swift */,
				772ED6F228B08DF500372993 /* AuthenticationViewModel.swift */,
			);
			path = SignIn;
			sourceTree = "<group>";
		};
		C93A4C0B28792BB500A277AC /* Network */ = {
			isa = PBXGroup;
			children = (
				C92E31F628795C36000A315C /* NetworkViewModel.swift */,
			);
			path = Network;
			sourceTree = "<group>";
		};
		C93A4C0C28792BB600A277AC /* Gift */ = {
			isa = PBXGroup;
			children = (
				C93A4C1128792BFC00A277AC /* Flower */,
				C93A4C1028792BFB00A277AC /* Letter */,
				C93A4C0F28792BF900A277AC /* Picture */,
				C93A4C0E28792BF700A277AC /* VoiceMail */,
			);
			path = Gift;
			sourceTree = "<group>";
		};
		C93A4C0D28792BB800A277AC /* Calendar */ = {
			isa = PBXGroup;
			children = (
				C92E31EC28795C06000A315C /* DateToStringUpcomingEventsViewModel.swift */,
				C915A80828990592003154AB /* EventStoreViewModel.swift */,
			);
			path = Calendar;
			sourceTree = "<group>";
		};
		C93A4C0E28792BF700A277AC /* VoiceMail */ = {
			isa = PBXGroup;
			children = (
				3EEF02CE287AC9DE0010CA03 /* VoicemailViewModel.swift */,
			);
			path = VoiceMail;
			sourceTree = "<group>";
		};
		C93A4C0F28792BF900A277AC /* Picture */ = {
			isa = PBXGroup;
			children = (
				C92E31F228795C21000A315C /* PictureViewModel.swift */,
			);
			path = Picture;
			sourceTree = "<group>";
		};
		C93A4C1028792BFB00A277AC /* Letter */ = {
			isa = PBXGroup;
			children = (
				C92E31F028795C1A000A315C /* LetterViewModel.swift */,
			);
			path = Letter;
			sourceTree = "<group>";
		};
		C93A4C1128792BFC00A277AC /* Flower */ = {
			isa = PBXGroup;
			children = (
				C92E31EE28795C15000A315C /* FlowerViewModel.swift */,
			);
			path = Flower;
			sourceTree = "<group>";
		};
		C93DEA21287ACE200045508C /* SendGift */ = {
			isa = PBXGroup;
			children = (
				C93DEA24287ACE4B0045508C /* SendFlower */,
				C93DEA27287ACE630045508C /* SendLetter */,
				C93DEA26287ACE610045508C /* SendPicture */,
				C93DEA25287ACE5D0045508C /* SendVoiceMail */,
			);
			path = SendGift;
			sourceTree = "<group>";
		};
		C93DEA24287ACE4B0045508C /* SendFlower */ = {
			isa = PBXGroup;
			children = (
				C93DEA22287ACE440045508C /* SendFlowerView.swift */,
			);
			path = SendFlower;
			sourceTree = "<group>";
		};
		C93DEA25287ACE5D0045508C /* SendVoiceMail */ = {
			isa = PBXGroup;
			children = (
				C93DEA2C287ACEA20045508C /* SendVoiceMailView.swift */,
			);
			path = SendVoiceMail;
			sourceTree = "<group>";
		};
		C93DEA26287ACE610045508C /* SendPicture */ = {
			isa = PBXGroup;
			children = (
				C93DEA2A287ACE960045508C /* SendPictureView.swift */,
			);
			path = SendPicture;
			sourceTree = "<group>";
		};
		C93DEA27287ACE630045508C /* SendLetter */ = {
			isa = PBXGroup;
			children = (
				C93DEA28287ACE8D0045508C /* SendLetterView.swift */,
			);
			path = SendLetter;
			sourceTree = "<group>";
		};
		C9BE6C79287561D400B782B9 = {
			isa = PBXGroup;
			children = (
				772ED6F628B08ED100372993 /* liveOnReboot.entitlements */,
				773185BF287C4CB900120FF9 /* liveOnReboot-Info.plist */,
				C9BE6C84287561D400B782B9 /* liveOn */,
				C9BE6C83287561D400B782B9 /* Products */,
			);
			sourceTree = "<group>";
		};
		C9BE6C83287561D400B782B9 /* Products */ = {
			isa = PBXGroup;
			children = (
				C9BE6C82287561D400B782B9 /* liveOnReboot.app */,
			);
			name = Products;
			sourceTree = "<group>";
		};
		C9BE6C84287561D400B782B9 /* liveOn */ = {
			isa = PBXGroup;
			children = (
				C9BE6C85287561D400B782B9 /* liveOnRebootApp.swift */,
				773185B9287C4A6500120FF9 /* Extensions */,
				C93A4C0128792B3200A277AC /* Model */,
				C93A4BF32879291500A277AC /* View */,
				C93A4C0028792B2F00A277AC /* ViewModel */,
				C93A4BDC2879274000A277AC /* Network */,
				C93A4BDA287926DC00A277AC /* Resource */,
				C93A4BDB287926F900A277AC /* Util */,
				C9BE6C8B287561D500B782B9 /* Preview Content */,
			);
			path = liveOn;
			sourceTree = "<group>";
		};
		C9BE6C8B287561D500B782B9 /* Preview Content */ = {
			isa = PBXGroup;
			children = (
				C9BE6C8C287561D500B782B9 /* Preview Assets.xcassets */,
			);
			path = "Preview Content";
			sourceTree = "<group>";
		};
/* End PBXGroup section */

/* Begin PBXNativeTarget section */
		C9BE6C81287561D400B782B9 /* liveOnReboot */ = {
			isa = PBXNativeTarget;
			buildConfigurationList = C9BE6C90287561D500B782B9 /* Build configuration list for PBXNativeTarget "liveOnReboot" */;
			buildPhases = (
				C9BE6C7E287561D400B782B9 /* Sources */,
				C9BE6C7F287561D400B782B9 /* Frameworks */,
				C9BE6C80287561D400B782B9 /* Resources */,
			);
			buildRules = (
			);
			dependencies = (
			);
			name = liveOnReboot;
			packageProductDependencies = (
				A929FDE82882919E00334E21 /* CombineMoya */,
				A929FDEA2882919E00334E21 /* Moya */,
				A929FDEC2882919E00334E21 /* ReactiveMoya */,
				A929FDEE2882919E00334E21 /* RxMoya */,
			);
			productName = liveOnReboot;
			productReference = C9BE6C82287561D400B782B9 /* liveOnReboot.app */;
			productType = "com.apple.product-type.application";
		};
/* End PBXNativeTarget section */

/* Begin PBXProject section */
		C9BE6C7A287561D400B782B9 /* Project object */ = {
			isa = PBXProject;
			attributes = {
				BuildIndependentTargetsInParallel = 1;
				LastSwiftUpdateCheck = 1340;
				LastUpgradeCheck = 1340;
				TargetAttributes = {
					C9BE6C81287561D400B782B9 = {
						CreatedOnToolsVersion = 13.4.1;
					};
				};
			};
			buildConfigurationList = C9BE6C7D287561D400B782B9 /* Build configuration list for PBXProject "liveOnReboot" */;
			compatibilityVersion = "Xcode 13.0";
			developmentRegion = en;
			hasScannedForEncodings = 0;
			knownRegions = (
				en,
				Base,
			);
			mainGroup = C9BE6C79287561D400B782B9;
			packageReferences = (
				A929FDDE288246A700334E21 /* XCRemoteSwiftPackageReference "Moya" */,
				A929FDE72882919E00334E21 /* XCRemoteSwiftPackageReference "Moya" */,
			);
			productRefGroup = C9BE6C83287561D400B782B9 /* Products */;
			projectDirPath = "";
			projectRoot = "";
			targets = (
				C9BE6C81287561D400B782B9 /* liveOnReboot */,
			);
		};
/* End PBXProject section */

/* Begin PBXResourcesBuildPhase section */
		C9BE6C80287561D400B782B9 /* Resources */ = {
			isa = PBXResourcesBuildPhase;
			buildActionMask = 2147483647;
			files = (
				C9BE6C8D287561D500B782B9 /* Preview Assets.xcassets in Resources */,
				77079570287E91F000D8C081 /* 나눔손글씨 중학생.ttf in Resources */,
				773185BE287C4B9400120FF9 /* NerkoOne-Regular.ttf in Resources */,
				C9BE6C8A287561D500B782B9 /* Assets.xcassets in Resources */,
			);
			runOnlyForDeploymentPostprocessing = 0;
		};
/* End PBXResourcesBuildPhase section */

/* Begin PBXSourcesBuildPhase section */
		C9BE6C7E287561D400B782B9 /* Sources */ = {
			isa = PBXSourcesBuildPhase;
			buildActionMask = 2147483647;
			files = (
				C936B2F8289FB2D800011C64 /* DateToStringUpcomingEventsViewModel.swift in Sources */,
				C92E31EB28795BB0000A315C /* (null) in Sources */,
				C974DDCD2883CC4900698BFA /* UpcomingEventsView.swift in Sources */,
				773185C3287C56FE00120FF9 /* Color+Extension.swift in Sources */,
				3EEF02D3287AFA920010CA03 /* SingleVoicemailView.swift in Sources */,
				C92E320728795C9A000A315C /* LetterDTO.swift in Sources */,
				772ED6F128B08D8E00372993 /* GettingStartView.swift in Sources */,
				C974DDD12883CC8900698BFA /* AddUpcomingEventView.swift in Sources */,
				C936B2FA289FB7C800011C64 /* DatePicker+Extension.swift in Sources */,
				77651D0A28B093CF00994C15 /* SignInLiteral.swift in Sources */,
				C92E31F128795C1A000A315C /* LetterViewModel.swift in Sources */,
				C974DDC92883CB8D00698BFA /* Calendar+Extension.swift in Sources */,
				77651D1A28B0BD5800994C15 /* GiftBoxView.swift in Sources */,
				C92E321B28795D1D000A315C /* VoiceMailService.swift in Sources */,
				C92E31FD28795C62000A315C /* Config.swift in Sources */,
				C92E321328795CF8000A315C /* VoiceMailEndPoint.swift in Sources */,
				C92E31DB28795B60000A315C /* CalendarView.swift in Sources */,
				77651D0828B0939100994C15 /* InputNickNameView.swift in Sources */,
				A973F1E1287B19D700323A17 /* PicturePicker.swift in Sources */,
				C92E320528795C94000A315C /* FlowerDTO.swift in Sources */,
				77F6F19328900C5700263BBB /* placeHolder.swift in Sources */,
				77EB4489289FD6C00006F3CB /* LetterListView.swift in Sources */,
				A9B32A8A28867AB600530B51 /* BackButton+Extension.swift in Sources */,
				C92E31DF28795B7A000A315C /* FlowerView.swift in Sources */,
				77F6F12E288FD5E700263BBB /* textLimit.swift in Sources */,
				3EEF02D1287AF3960010CA03 /* VoicemailModel.swift in Sources */,
				C92E321928795D13000A315C /* PictureService.swift in Sources */,
				C92E321128795CEF000A315C /* PictureEndPoint.swift in Sources */,
				776502E028B4B8E300A46153 /* SignInDTO.swift in Sources */,
				A932C46628858F3B00803302 /* DeliveryView.swift in Sources */,
				776502E728B4B93000A46153 /* SignInService.swift in Sources */,
				772A607D28AFA7A7005F5A4F /* letterColorStyle.swift in Sources */,
				C92E31CF28795B0E000A315C /* FlowerModel.swift in Sources */,
				772ED6F528B08E1D00372993 /* AppleUser.swift in Sources */,
				A932C47428859FE600803302 /* PictureErrorHandling.swift in Sources */,
				C92E31FB28795C54000A315C /* Util.swift in Sources */,
				77651D1028B0AD3500994C15 /* InputOfficialDateView.swift in Sources */,
				77EB4485289FC4200006F3CB /* SendLetterView.swift in Sources */,
				C92E31FF28795C6F000A315C /* CalendarDTO.swift in Sources */,
				773185BB287C4A9F00120FF9 /* Font+Extension.swift in Sources */,
				C974DDCF2883CC6400698BFA /* PopupDate.swift in Sources */,
				77651D0628B0924700994C15 /* SignInLayoutView.swift in Sources */,
				C92E320D28795CDD000A315C /* FlowerEndPoint.swift in Sources */,
				C92E31F728795C36000A315C /* NetworkViewModel.swift in Sources */,
				C92E31F328795C21000A315C /* PictureViewModel.swift in Sources */,
				C92E320B28795CCB000A315C /* VoiceMailDTO.swift in Sources */,
				C93DEA23287ACE440045508C /* SendFlowerView.swift in Sources */,
				C92E320328795C81000A315C /* CalendarService.swift in Sources */,
				C974DDC72883CB5A00698BFA /* Date+Extension.swift in Sources */,
				C92E31E928795BA9000A315C /* GiftListView.swift in Sources */,
				77651D0E28B09FF400994C15 /* SignInUser.swift in Sources */,
				A929FDE3288248A000334E21 /* LoginEndPoint.swift in Sources */,
				77651D0C28B09F5500994C15 /* InputBirthDayView.swift in Sources */,
				C92E31D928795B41000A315C /* NetworkModel.swift in Sources */,
				C92E321728795D0D000A315C /* LetterService.swift in Sources */,
				C92E320128795C78000A315C /* CalendarEndPoint.swift in Sources */,
				C92E31D128795B1A000A315C /* Letter.swift in Sources */,
				C92E31F928795C3D000A315C /* SignInViewModel.swift in Sources */,
				C92E320F28795CE3000A315C /* LetterEndPoint.swift in Sources */,
				C9BE6C88287561D400B782B9 /* ContentView.swift in Sources */,
				3EEF02CF287AC9DE0010CA03 /* VoicemailViewModel.swift in Sources */,
				C92E31EF28795C15000A315C /* FlowerViewModel.swift in Sources */,
				A932C46428858D6500803302 /* LogInAuth.swift in Sources */,
				C92E31E528795B96000A315C /* VoicemailView.swift in Sources */,
				77F6F128288FCF9700263BBB /* Date+Extension.swift in Sources */,
				776502E528B4B92800A46153 /* SignInEndPoint.swift in Sources */,
				C93DEA2B287ACE960045508C /* SendPictureView.swift in Sources */,
				C93DEA2D287ACEA20045508C /* SendVoiceMailView.swift in Sources */,
				A929FDE62882671400334E21 /* NetworkLoggerPlugIn.swift in Sources */,
				C915A80928990592003154AB /* EventStoreViewModel.swift in Sources */,
				A9B32A8828867A9600530B51 /* Text+Extension.swift in Sources */,
				77651D1628B0B7E100994C15 /* EnterCodeView.swift in Sources */,
				C92E31ED28795C06000A315C /* DateToStringUpcomingEventsViewModel.swift in Sources */,
				C915A80928990592003154AB /* EventStoreViewModel.swift in Sources */,
				A9B32A8828867A9600530B51 /* Text+Extension.swift in Sources */,
				C92E31ED28795C06000A315C /* DateToStringUpcomingEventsViewModel.swift in Sources */,
				772ED6F328B08DF500372993 /* AuthenticationViewModel.swift in Sources */,
				C92E31ED28795C06000A315C /* DateToStringUpcomingEventsViewModel.swift in Sources */,
				77651D1828B0B7FA00994C15 /* WelcomMatchingView.swift in Sources */,
				77651D1228B0B1DA00994C15 /* InviteCodeView.swift in Sources */,
				A929FDE12882486A00334E21 /* LoginDTO.swift in Sources */,
				77651D1428B0B51600994C15 /* ShareSheet.swift in Sources */,
				C92E31DD28795B71000A315C /* CoupleInformationView.swift in Sources */,
				C92E320928795CA2000A315C /* PictureDTO.swift in Sources */,
				C92E31E328795B8A000A315C /* PictureListView.swift in Sources */,
				C92E31CD28795A25000A315C /* CalendarModel.swift in Sources */,
				A929FDF12882931800334E21 /* APIEnvironment.swift in Sources */,
				C9BE6C86287561D400B782B9 /* liveOnRebootApp.swift in Sources */,
				C974DDC52883C97700698BFA /* UpcomingEventsModel.swift in Sources */,
				C92E321528795D05000A315C /* FlowerService.swift in Sources */,
			);
			runOnlyForDeploymentPostprocessing = 0;
		};
/* End PBXSourcesBuildPhase section */

/* Begin XCBuildConfiguration section */
		C9BE6C8E287561D500B782B9 /* Debug */ = {
			isa = XCBuildConfiguration;
			buildSettings = {
				ALWAYS_SEARCH_USER_PATHS = NO;
				CLANG_ANALYZER_NONNULL = YES;
				CLANG_ANALYZER_NUMBER_OBJECT_CONVERSION = YES_AGGRESSIVE;
				CLANG_CXX_LANGUAGE_STANDARD = "gnu++17";
				CLANG_ENABLE_MODULES = YES;
				CLANG_ENABLE_OBJC_ARC = YES;
				CLANG_ENABLE_OBJC_WEAK = YES;
				CLANG_WARN_BLOCK_CAPTURE_AUTORELEASING = YES;
				CLANG_WARN_BOOL_CONVERSION = YES;
				CLANG_WARN_COMMA = YES;
				CLANG_WARN_CONSTANT_CONVERSION = YES;
				CLANG_WARN_DEPRECATED_OBJC_IMPLEMENTATIONS = YES;
				CLANG_WARN_DIRECT_OBJC_ISA_USAGE = YES_ERROR;
				CLANG_WARN_DOCUMENTATION_COMMENTS = YES;
				CLANG_WARN_EMPTY_BODY = YES;
				CLANG_WARN_ENUM_CONVERSION = YES;
				CLANG_WARN_INFINITE_RECURSION = YES;
				CLANG_WARN_INT_CONVERSION = YES;
				CLANG_WARN_NON_LITERAL_NULL_CONVERSION = YES;
				CLANG_WARN_OBJC_IMPLICIT_RETAIN_SELF = YES;
				CLANG_WARN_OBJC_LITERAL_CONVERSION = YES;
				CLANG_WARN_OBJC_ROOT_CLASS = YES_ERROR;
				CLANG_WARN_QUOTED_INCLUDE_IN_FRAMEWORK_HEADER = YES;
				CLANG_WARN_RANGE_LOOP_ANALYSIS = YES;
				CLANG_WARN_STRICT_PROTOTYPES = YES;
				CLANG_WARN_SUSPICIOUS_MOVE = YES;
				CLANG_WARN_UNGUARDED_AVAILABILITY = YES_AGGRESSIVE;
				CLANG_WARN_UNREACHABLE_CODE = YES;
				CLANG_WARN__DUPLICATE_METHOD_MATCH = YES;
				COPY_PHASE_STRIP = NO;
				DEBUG_INFORMATION_FORMAT = dwarf;
				ENABLE_STRICT_OBJC_MSGSEND = YES;
				ENABLE_TESTABILITY = YES;
				GCC_C_LANGUAGE_STANDARD = gnu11;
				GCC_DYNAMIC_NO_PIC = NO;
				GCC_NO_COMMON_BLOCKS = YES;
				GCC_OPTIMIZATION_LEVEL = 0;
				GCC_PREPROCESSOR_DEFINITIONS = (
					"DEBUG=1",
					"$(inherited)",
				);
				GCC_WARN_64_TO_32_BIT_CONVERSION = YES;
				GCC_WARN_ABOUT_RETURN_TYPE = YES_ERROR;
				GCC_WARN_UNDECLARED_SELECTOR = YES;
				GCC_WARN_UNINITIALIZED_AUTOS = YES_AGGRESSIVE;
				GCC_WARN_UNUSED_FUNCTION = YES;
				GCC_WARN_UNUSED_VARIABLE = YES;
				IPHONEOS_DEPLOYMENT_TARGET = 15.0;
				MTL_ENABLE_DEBUG_INFO = INCLUDE_SOURCE;
				MTL_FAST_MATH = YES;
				ONLY_ACTIVE_ARCH = YES;
				SDKROOT = iphoneos;
				SWIFT_ACTIVE_COMPILATION_CONDITIONS = DEBUG;
				SWIFT_OPTIMIZATION_LEVEL = "-Onone";
			};
			name = Debug;
		};
		C9BE6C8F287561D500B782B9 /* Release */ = {
			isa = XCBuildConfiguration;
			buildSettings = {
				ALWAYS_SEARCH_USER_PATHS = NO;
				CLANG_ANALYZER_NONNULL = YES;
				CLANG_ANALYZER_NUMBER_OBJECT_CONVERSION = YES_AGGRESSIVE;
				CLANG_CXX_LANGUAGE_STANDARD = "gnu++17";
				CLANG_ENABLE_MODULES = YES;
				CLANG_ENABLE_OBJC_ARC = YES;
				CLANG_ENABLE_OBJC_WEAK = YES;
				CLANG_WARN_BLOCK_CAPTURE_AUTORELEASING = YES;
				CLANG_WARN_BOOL_CONVERSION = YES;
				CLANG_WARN_COMMA = YES;
				CLANG_WARN_CONSTANT_CONVERSION = YES;
				CLANG_WARN_DEPRECATED_OBJC_IMPLEMENTATIONS = YES;
				CLANG_WARN_DIRECT_OBJC_ISA_USAGE = YES_ERROR;
				CLANG_WARN_DOCUMENTATION_COMMENTS = YES;
				CLANG_WARN_EMPTY_BODY = YES;
				CLANG_WARN_ENUM_CONVERSION = YES;
				CLANG_WARN_INFINITE_RECURSION = YES;
				CLANG_WARN_INT_CONVERSION = YES;
				CLANG_WARN_NON_LITERAL_NULL_CONVERSION = YES;
				CLANG_WARN_OBJC_IMPLICIT_RETAIN_SELF = YES;
				CLANG_WARN_OBJC_LITERAL_CONVERSION = YES;
				CLANG_WARN_OBJC_ROOT_CLASS = YES_ERROR;
				CLANG_WARN_QUOTED_INCLUDE_IN_FRAMEWORK_HEADER = YES;
				CLANG_WARN_RANGE_LOOP_ANALYSIS = YES;
				CLANG_WARN_STRICT_PROTOTYPES = YES;
				CLANG_WARN_SUSPICIOUS_MOVE = YES;
				CLANG_WARN_UNGUARDED_AVAILABILITY = YES_AGGRESSIVE;
				CLANG_WARN_UNREACHABLE_CODE = YES;
				CLANG_WARN__DUPLICATE_METHOD_MATCH = YES;
				COPY_PHASE_STRIP = NO;
				DEBUG_INFORMATION_FORMAT = "dwarf-with-dsym";
				ENABLE_NS_ASSERTIONS = NO;
				ENABLE_STRICT_OBJC_MSGSEND = YES;
				GCC_C_LANGUAGE_STANDARD = gnu11;
				GCC_NO_COMMON_BLOCKS = YES;
				GCC_WARN_64_TO_32_BIT_CONVERSION = YES;
				GCC_WARN_ABOUT_RETURN_TYPE = YES_ERROR;
				GCC_WARN_UNDECLARED_SELECTOR = YES;
				GCC_WARN_UNINITIALIZED_AUTOS = YES_AGGRESSIVE;
				GCC_WARN_UNUSED_FUNCTION = YES;
				GCC_WARN_UNUSED_VARIABLE = YES;
				IPHONEOS_DEPLOYMENT_TARGET = 15.0;
				MTL_ENABLE_DEBUG_INFO = NO;
				MTL_FAST_MATH = YES;
				SDKROOT = iphoneos;
				SWIFT_COMPILATION_MODE = wholemodule;
				SWIFT_OPTIMIZATION_LEVEL = "-O";
				VALIDATE_PRODUCT = YES;
			};
			name = Release;
		};
		C9BE6C91287561D500B782B9 /* Debug */ = {
			isa = XCBuildConfiguration;
			buildSettings = {
				ASSETCATALOG_COMPILER_APPICON_NAME = AppIcon;
				ASSETCATALOG_COMPILER_GLOBAL_ACCENT_COLOR_NAME = AccentColor;
				CODE_SIGN_ENTITLEMENTS = liveOnReboot.entitlements;
				CODE_SIGN_IDENTITY = "iPhone Developer";
				CODE_SIGN_STYLE = Manual;
				CURRENT_PROJECT_VERSION = 1;
				DEVELOPMENT_ASSET_PATHS = "\"liveOn/Preview Content\"";
				DEVELOPMENT_TEAM = C95YD9G273;
				ENABLE_PREVIEWS = YES;
				GENERATE_INFOPLIST_FILE = YES;
				INFOPLIST_FILE = "liveOnReboot-Info.plist";
				INFOPLIST_KEY_UIApplicationSceneManifest_Generation = YES;
				INFOPLIST_KEY_UIApplicationSupportsIndirectInputEvents = YES;
				INFOPLIST_KEY_UILaunchScreen_Generation = YES;
				INFOPLIST_KEY_UISupportedInterfaceOrientations_iPad = "UIInterfaceOrientationPortrait UIInterfaceOrientationPortraitUpsideDown UIInterfaceOrientationLandscapeLeft UIInterfaceOrientationLandscapeRight";
				INFOPLIST_KEY_UISupportedInterfaceOrientations_iPhone = UIInterfaceOrientationPortrait;
				LD_RUNPATH_SEARCH_PATHS = (
					"$(inherited)",
					"@executable_path/Frameworks",
				);
				MARKETING_VERSION = 1.0;
				PRODUCT_BUNDLE_IDENTIFIER = com.reborn.liveOnReboot;
				PRODUCT_NAME = "$(TARGET_NAME)";
				PROVISIONING_PROFILE_SPECIFIER = liveOn;
				SWIFT_EMIT_LOC_STRINGS = YES;
				SWIFT_VERSION = 5.0;
				TARGETED_DEVICE_FAMILY = "1,2";
			};
			name = Debug;
		};
		C9BE6C92287561D500B782B9 /* Release */ = {
			isa = XCBuildConfiguration;
			buildSettings = {
				ASSETCATALOG_COMPILER_APPICON_NAME = AppIcon;
				ASSETCATALOG_COMPILER_GLOBAL_ACCENT_COLOR_NAME = AccentColor;
				CODE_SIGN_ENTITLEMENTS = liveOnReboot.entitlements;
				CODE_SIGN_IDENTITY = "iPhone Developer";
				CODE_SIGN_STYLE = Manual;
				CURRENT_PROJECT_VERSION = 1;
				DEVELOPMENT_ASSET_PATHS = "\"liveOn/Preview Content\"";
				DEVELOPMENT_TEAM = C95YD9G273;
				ENABLE_PREVIEWS = YES;
				GENERATE_INFOPLIST_FILE = YES;
				INFOPLIST_FILE = "liveOnReboot-Info.plist";
				INFOPLIST_KEY_UIApplicationSceneManifest_Generation = YES;
				INFOPLIST_KEY_UIApplicationSupportsIndirectInputEvents = YES;
				INFOPLIST_KEY_UILaunchScreen_Generation = YES;
				INFOPLIST_KEY_UISupportedInterfaceOrientations_iPad = "UIInterfaceOrientationPortrait UIInterfaceOrientationPortraitUpsideDown UIInterfaceOrientationLandscapeLeft UIInterfaceOrientationLandscapeRight";
				INFOPLIST_KEY_UISupportedInterfaceOrientations_iPhone = UIInterfaceOrientationPortrait;
				LD_RUNPATH_SEARCH_PATHS = (
					"$(inherited)",
					"@executable_path/Frameworks",
				);
				MARKETING_VERSION = 1.0;
				PRODUCT_BUNDLE_IDENTIFIER = com.reborn.liveOnReboot;
				PRODUCT_NAME = "$(TARGET_NAME)";
				PROVISIONING_PROFILE_SPECIFIER = liveOn;
				SWIFT_EMIT_LOC_STRINGS = YES;
				SWIFT_VERSION = 5.0;
				TARGETED_DEVICE_FAMILY = "1,2";
			};
			name = Release;
		};
/* End XCBuildConfiguration section */

/* Begin XCConfigurationList section */
		C9BE6C7D287561D400B782B9 /* Build configuration list for PBXProject "liveOnReboot" */ = {
			isa = XCConfigurationList;
			buildConfigurations = (
				C9BE6C8E287561D500B782B9 /* Debug */,
				C9BE6C8F287561D500B782B9 /* Release */,
			);
			defaultConfigurationIsVisible = 0;
			defaultConfigurationName = Release;
		};
		C9BE6C90287561D500B782B9 /* Build configuration list for PBXNativeTarget "liveOnReboot" */ = {
			isa = XCConfigurationList;
			buildConfigurations = (
				C9BE6C91287561D500B782B9 /* Debug */,
				C9BE6C92287561D500B782B9 /* Release */,
			);
			defaultConfigurationIsVisible = 0;
			defaultConfigurationName = Release;
		};
/* End XCConfigurationList section */

/* Begin XCRemoteSwiftPackageReference section */
		A929FDDE288246A700334E21 /* XCRemoteSwiftPackageReference "Moya" */ = {
			isa = XCRemoteSwiftPackageReference;
			repositoryURL = "https://github.com/Moya/Moya.git";
			requirement = {
				kind = exactVersion;
				version = 9.0.0;
			};
		};
		A929FDE72882919E00334E21 /* XCRemoteSwiftPackageReference "Moya" */ = {
			isa = XCRemoteSwiftPackageReference;
			repositoryURL = "https://github.com/Moya/Moya.git";
			requirement = {
				branch = master;
				kind = branch;
			};
		};
/* End XCRemoteSwiftPackageReference section */

/* Begin XCSwiftPackageProductDependency section */
		A929FDE82882919E00334E21 /* CombineMoya */ = {
			isa = XCSwiftPackageProductDependency;
			package = A929FDE72882919E00334E21 /* XCRemoteSwiftPackageReference "Moya" */;
			productName = CombineMoya;
		};
		A929FDEA2882919E00334E21 /* Moya */ = {
			isa = XCSwiftPackageProductDependency;
			package = A929FDE72882919E00334E21 /* XCRemoteSwiftPackageReference "Moya" */;
			productName = Moya;
		};
		A929FDEC2882919E00334E21 /* ReactiveMoya */ = {
			isa = XCSwiftPackageProductDependency;
			package = A929FDE72882919E00334E21 /* XCRemoteSwiftPackageReference "Moya" */;
			productName = ReactiveMoya;
		};
		A929FDEE2882919E00334E21 /* RxMoya */ = {
			isa = XCSwiftPackageProductDependency;
			package = A929FDE72882919E00334E21 /* XCRemoteSwiftPackageReference "Moya" */;
			productName = RxMoya;
		};
/* End XCSwiftPackageProductDependency section */
	};
	rootObject = C9BE6C7A287561D400B782B9 /* Project object */;
}
