// !$*UTF8*$!
{
	archiveVersion = 1;
	classes = {
	};
	objectVersion = 55;
	objects = {

/* Begin PBXBuildFile section */
		773185BB287C4A9F00120FF9 /* Font+Extension.swift in Sources */ = {isa = PBXBuildFile; fileRef = 773185BA287C4A9F00120FF9 /* Font+Extension.swift */; };
		773185BE287C4B9400120FF9 /* NerkoOne-Regular.ttf in Resources */ = {isa = PBXBuildFile; fileRef = 773185BD287C4B8F00120FF9 /* NerkoOne-Regular.ttf */; };
		773185C3287C56FE00120FF9 /* Color+Extension.swift in Sources */ = {isa = PBXBuildFile; fileRef = 773185C2287C56FE00120FF9 /* Color+Extension.swift */; };
		773185C5287C5E5200120FF9 /* 나눔손글씨 또박또박.ttf in Resources */ = {isa = PBXBuildFile; fileRef = 773185C4287C5E5200120FF9 /* 나눔손글씨 또박또박.ttf */; };
		C92E31CD28795A25000A315C /* CalendarModel.swift in Sources */ = {isa = PBXBuildFile; fileRef = C92E31CC28795A25000A315C /* CalendarModel.swift */; };
		C92E31CF28795B0E000A315C /* FlowerModel.swift in Sources */ = {isa = PBXBuildFile; fileRef = C92E31CE28795B0E000A315C /* FlowerModel.swift */; };
		C92E31D128795B1A000A315C /* LetterModel.swift in Sources */ = {isa = PBXBuildFile; fileRef = C92E31D028795B1A000A315C /* LetterModel.swift */; };
		C92E31D328795B23000A315C /* PictureModel.swift in Sources */ = {isa = PBXBuildFile; fileRef = C92E31D228795B23000A315C /* PictureModel.swift */; };
		C92E31D528795B2D000A315C /* VoicemailModel.swift in Sources */ = {isa = PBXBuildFile; fileRef = C92E31D428795B2D000A315C /* VoicemailModel.swift */; };
		C92E31D728795B38000A315C /* LogInModel.swift in Sources */ = {isa = PBXBuildFile; fileRef = C92E31D628795B38000A315C /* LogInModel.swift */; };
		C92E31D928795B41000A315C /* NetworkModel.swift in Sources */ = {isa = PBXBuildFile; fileRef = C92E31D828795B41000A315C /* NetworkModel.swift */; };
		C92E31DB28795B60000A315C /* CalendarView.swift in Sources */ = {isa = PBXBuildFile; fileRef = C92E31DA28795B60000A315C /* CalendarView.swift */; };
		C92E31DD28795B71000A315C /* CoupleInformationView.swift in Sources */ = {isa = PBXBuildFile; fileRef = C92E31DC28795B71000A315C /* CoupleInformationView.swift */; };
		C92E31DF28795B7A000A315C /* FlowerView.swift in Sources */ = {isa = PBXBuildFile; fileRef = C92E31DE28795B7A000A315C /* FlowerView.swift */; };
		C92E31E128795B83000A315C /* LetterView.swift in Sources */ = {isa = PBXBuildFile; fileRef = C92E31E028795B83000A315C /* LetterView.swift */; };
		C92E31E328795B8A000A315C /* PictureView.swift in Sources */ = {isa = PBXBuildFile; fileRef = C92E31E228795B8A000A315C /* PictureView.swift */; };
		C92E31E528795B96000A315C /* VoicemailView.swift in Sources */ = {isa = PBXBuildFile; fileRef = C92E31E428795B96000A315C /* VoicemailView.swift */; };
		C92E31E728795BA0000A315C /* GiftBoxView.swift in Sources */ = {isa = PBXBuildFile; fileRef = C92E31E628795BA0000A315C /* GiftBoxView.swift */; };
		C92E31E928795BA9000A315C /* GiftListView.swift in Sources */ = {isa = PBXBuildFile; fileRef = C92E31E828795BA9000A315C /* GiftListView.swift */; };
		C92E31EB28795BB0000A315C /* SignInView.swift in Sources */ = {isa = PBXBuildFile; fileRef = C92E31EA28795BB0000A315C /* SignInView.swift */; };
		C92E31ED28795C06000A315C /* CalendarViewModel.swift in Sources */ = {isa = PBXBuildFile; fileRef = C92E31EC28795C06000A315C /* CalendarViewModel.swift */; };
		C92E31EF28795C15000A315C /* FlowerViewModel.swift in Sources */ = {isa = PBXBuildFile; fileRef = C92E31EE28795C15000A315C /* FlowerViewModel.swift */; };
		C92E31F128795C1A000A315C /* LetterViewModel.swift in Sources */ = {isa = PBXBuildFile; fileRef = C92E31F028795C1A000A315C /* LetterViewModel.swift */; };
		C92E31F328795C21000A315C /* PictureViewModel.swift in Sources */ = {isa = PBXBuildFile; fileRef = C92E31F228795C21000A315C /* PictureViewModel.swift */; };
		C92E31F528795C2B000A315C /* VoiceMailViewModel.swift in Sources */ = {isa = PBXBuildFile; fileRef = C92E31F428795C2B000A315C /* VoiceMailViewModel.swift */; };
		C92E31F728795C36000A315C /* NetworkViewModel.swift in Sources */ = {isa = PBXBuildFile; fileRef = C92E31F628795C36000A315C /* NetworkViewModel.swift */; };
		C92E31F928795C3D000A315C /* SignInViewModel.swift in Sources */ = {isa = PBXBuildFile; fileRef = C92E31F828795C3D000A315C /* SignInViewModel.swift */; };
		C92E31FB28795C54000A315C /* Util.swift in Sources */ = {isa = PBXBuildFile; fileRef = C92E31FA28795C54000A315C /* Util.swift */; };
		C92E31FD28795C62000A315C /* Config.swift in Sources */ = {isa = PBXBuildFile; fileRef = C92E31FC28795C62000A315C /* Config.swift */; };
		C92E31FF28795C6F000A315C /* CalendarDTO.swift in Sources */ = {isa = PBXBuildFile; fileRef = C92E31FE28795C6F000A315C /* CalendarDTO.swift */; };
		C92E320128795C78000A315C /* CalendarEndPoint.swift in Sources */ = {isa = PBXBuildFile; fileRef = C92E320028795C78000A315C /* CalendarEndPoint.swift */; };
		C92E320328795C81000A315C /* CalendarService.swift in Sources */ = {isa = PBXBuildFile; fileRef = C92E320228795C81000A315C /* CalendarService.swift */; };
		C92E320528795C94000A315C /* FlowerDTO.swift in Sources */ = {isa = PBXBuildFile; fileRef = C92E320428795C94000A315C /* FlowerDTO.swift */; };
		C92E320728795C9A000A315C /* LetterDTO.swift in Sources */ = {isa = PBXBuildFile; fileRef = C92E320628795C9A000A315C /* LetterDTO.swift */; };
		C92E320928795CA2000A315C /* PictureDTO.swift in Sources */ = {isa = PBXBuildFile; fileRef = C92E320828795CA2000A315C /* PictureDTO.swift */; };
		C92E320B28795CCB000A315C /* VoiceMailDTO.swift in Sources */ = {isa = PBXBuildFile; fileRef = C92E320A28795CCB000A315C /* VoiceMailDTO.swift */; };
		C92E320D28795CDD000A315C /* FlowerEndPoint.swift in Sources */ = {isa = PBXBuildFile; fileRef = C92E320C28795CDD000A315C /* FlowerEndPoint.swift */; };
		C92E320F28795CE3000A315C /* LetterEndPoint.swift in Sources */ = {isa = PBXBuildFile; fileRef = C92E320E28795CE3000A315C /* LetterEndPoint.swift */; };
		C92E321128795CEF000A315C /* PictureEndPoint.swift in Sources */ = {isa = PBXBuildFile; fileRef = C92E321028795CEF000A315C /* PictureEndPoint.swift */; };
		C92E321328795CF8000A315C /* VoiceMailEndPoint.swift in Sources */ = {isa = PBXBuildFile; fileRef = C92E321228795CF8000A315C /* VoiceMailEndPoint.swift */; };
		C92E321528795D05000A315C /* FlowerService.swift in Sources */ = {isa = PBXBuildFile; fileRef = C92E321428795D05000A315C /* FlowerService.swift */; };
		C92E321728795D0D000A315C /* LetterService.swift in Sources */ = {isa = PBXBuildFile; fileRef = C92E321628795D0D000A315C /* LetterService.swift */; };
		C92E321928795D13000A315C /* PictureService.swift in Sources */ = {isa = PBXBuildFile; fileRef = C92E321828795D13000A315C /* PictureService.swift */; };
		C92E321B28795D1D000A315C /* VoiceMailService.swift in Sources */ = {isa = PBXBuildFile; fileRef = C92E321A28795D1D000A315C /* VoiceMailService.swift */; };
		C93DEA23287ACE440045508C /* SendFlowerView.swift in Sources */ = {isa = PBXBuildFile; fileRef = C93DEA22287ACE440045508C /* SendFlowerView.swift */; };
		C93DEA29287ACE8D0045508C /* SendLetterView.swift in Sources */ = {isa = PBXBuildFile; fileRef = C93DEA28287ACE8D0045508C /* SendLetterView.swift */; };
		C93DEA2B287ACE960045508C /* SendPictureView.swift in Sources */ = {isa = PBXBuildFile; fileRef = C93DEA2A287ACE960045508C /* SendPictureView.swift */; };
		C93DEA2D287ACEA20045508C /* SendVoiceMailView.swift in Sources */ = {isa = PBXBuildFile; fileRef = C93DEA2C287ACEA20045508C /* SendVoiceMailView.swift */; };
		C9BE6C86287561D400B782B9 /* liveOnRebootApp.swift in Sources */ = {isa = PBXBuildFile; fileRef = C9BE6C85287561D400B782B9 /* liveOnRebootApp.swift */; };
		C9BE6C88287561D400B782B9 /* ContentView.swift in Sources */ = {isa = PBXBuildFile; fileRef = C9BE6C87287561D400B782B9 /* ContentView.swift */; };
		C9BE6C8A287561D500B782B9 /* Assets.xcassets in Resources */ = {isa = PBXBuildFile; fileRef = C9BE6C89287561D500B782B9 /* Assets.xcassets */; };
		C9BE6C8D287561D500B782B9 /* Preview Assets.xcassets in Resources */ = {isa = PBXBuildFile; fileRef = C9BE6C8C287561D500B782B9 /* Preview Assets.xcassets */; };
/* End PBXBuildFile section */

/* Begin PBXFileReference section */
		773185BA287C4A9F00120FF9 /* Font+Extension.swift */ = {isa = PBXFileReference; lastKnownFileType = sourcecode.swift; path = "Font+Extension.swift"; sourceTree = "<group>"; };
		773185BD287C4B8F00120FF9 /* NerkoOne-Regular.ttf */ = {isa = PBXFileReference; lastKnownFileType = file; path = "NerkoOne-Regular.ttf"; sourceTree = "<group>"; };
		773185BF287C4CB900120FF9 /* liveOnReboot-Info.plist */ = {isa = PBXFileReference; lastKnownFileType = text.plist; path = "liveOnReboot-Info.plist"; sourceTree = "<group>"; };
		773185C2287C56FE00120FF9 /* Color+Extension.swift */ = {isa = PBXFileReference; lastKnownFileType = sourcecode.swift; path = "Color+Extension.swift"; sourceTree = "<group>"; };
		773185C4287C5E5200120FF9 /* 나눔손글씨 또박또박.ttf */ = {isa = PBXFileReference; lastKnownFileType = file; path = "나눔손글씨 또박또박.ttf"; sourceTree = "<group>"; };
		C92E31CC28795A25000A315C /* CalendarModel.swift */ = {isa = PBXFileReference; lastKnownFileType = sourcecode.swift; path = CalendarModel.swift; sourceTree = "<group>"; };
		C92E31CE28795B0E000A315C /* FlowerModel.swift */ = {isa = PBXFileReference; lastKnownFileType = sourcecode.swift; path = FlowerModel.swift; sourceTree = "<group>"; };
		C92E31D028795B1A000A315C /* LetterModel.swift */ = {isa = PBXFileReference; lastKnownFileType = sourcecode.swift; path = LetterModel.swift; sourceTree = "<group>"; };
		C92E31D228795B23000A315C /* PictureModel.swift */ = {isa = PBXFileReference; lastKnownFileType = sourcecode.swift; path = PictureModel.swift; sourceTree = "<group>"; };
		C92E31D428795B2D000A315C /* VoicemailModel.swift */ = {isa = PBXFileReference; lastKnownFileType = sourcecode.swift; path = VoicemailModel.swift; sourceTree = "<group>"; };
		C92E31D628795B38000A315C /* LogInModel.swift */ = {isa = PBXFileReference; lastKnownFileType = sourcecode.swift; path = LogInModel.swift; sourceTree = "<group>"; };
		C92E31D828795B41000A315C /* NetworkModel.swift */ = {isa = PBXFileReference; lastKnownFileType = sourcecode.swift; path = NetworkModel.swift; sourceTree = "<group>"; };
		C92E31DA28795B60000A315C /* CalendarView.swift */ = {isa = PBXFileReference; lastKnownFileType = sourcecode.swift; path = CalendarView.swift; sourceTree = "<group>"; };
		C92E31DC28795B71000A315C /* CoupleInformationView.swift */ = {isa = PBXFileReference; lastKnownFileType = sourcecode.swift; path = CoupleInformationView.swift; sourceTree = "<group>"; };
		C92E31DE28795B7A000A315C /* FlowerView.swift */ = {isa = PBXFileReference; lastKnownFileType = sourcecode.swift; path = FlowerView.swift; sourceTree = "<group>"; };
		C92E31E028795B83000A315C /* LetterView.swift */ = {isa = PBXFileReference; lastKnownFileType = sourcecode.swift; path = LetterView.swift; sourceTree = "<group>"; };
		C92E31E228795B8A000A315C /* PictureView.swift */ = {isa = PBXFileReference; lastKnownFileType = sourcecode.swift; path = PictureView.swift; sourceTree = "<group>"; };
		C92E31E428795B96000A315C /* VoicemailView.swift */ = {isa = PBXFileReference; lastKnownFileType = sourcecode.swift; path = VoicemailView.swift; sourceTree = "<group>"; };
		C92E31E628795BA0000A315C /* GiftBoxView.swift */ = {isa = PBXFileReference; lastKnownFileType = sourcecode.swift; path = GiftBoxView.swift; sourceTree = "<group>"; };
		C92E31E828795BA9000A315C /* GiftListView.swift */ = {isa = PBXFileReference; lastKnownFileType = sourcecode.swift; path = GiftListView.swift; sourceTree = "<group>"; };
		C92E31EA28795BB0000A315C /* SignInView.swift */ = {isa = PBXFileReference; lastKnownFileType = sourcecode.swift; path = SignInView.swift; sourceTree = "<group>"; };
		C92E31EC28795C06000A315C /* CalendarViewModel.swift */ = {isa = PBXFileReference; lastKnownFileType = sourcecode.swift; path = CalendarViewModel.swift; sourceTree = "<group>"; };
		C92E31EE28795C15000A315C /* FlowerViewModel.swift */ = {isa = PBXFileReference; lastKnownFileType = sourcecode.swift; path = FlowerViewModel.swift; sourceTree = "<group>"; };
		C92E31F028795C1A000A315C /* LetterViewModel.swift */ = {isa = PBXFileReference; lastKnownFileType = sourcecode.swift; path = LetterViewModel.swift; sourceTree = "<group>"; };
		C92E31F228795C21000A315C /* PictureViewModel.swift */ = {isa = PBXFileReference; lastKnownFileType = sourcecode.swift; path = PictureViewModel.swift; sourceTree = "<group>"; };
		C92E31F428795C2B000A315C /* VoiceMailViewModel.swift */ = {isa = PBXFileReference; lastKnownFileType = sourcecode.swift; path = VoiceMailViewModel.swift; sourceTree = "<group>"; };
		C92E31F628795C36000A315C /* NetworkViewModel.swift */ = {isa = PBXFileReference; lastKnownFileType = sourcecode.swift; path = NetworkViewModel.swift; sourceTree = "<group>"; };
		C92E31F828795C3D000A315C /* SignInViewModel.swift */ = {isa = PBXFileReference; lastKnownFileType = sourcecode.swift; path = SignInViewModel.swift; sourceTree = "<group>"; };
		C92E31FA28795C54000A315C /* Util.swift */ = {isa = PBXFileReference; lastKnownFileType = sourcecode.swift; path = Util.swift; sourceTree = "<group>"; };
		C92E31FC28795C62000A315C /* Config.swift */ = {isa = PBXFileReference; lastKnownFileType = sourcecode.swift; path = Config.swift; sourceTree = "<group>"; };
		C92E31FE28795C6F000A315C /* CalendarDTO.swift */ = {isa = PBXFileReference; lastKnownFileType = sourcecode.swift; path = CalendarDTO.swift; sourceTree = "<group>"; };
		C92E320028795C78000A315C /* CalendarEndPoint.swift */ = {isa = PBXFileReference; lastKnownFileType = sourcecode.swift; path = CalendarEndPoint.swift; sourceTree = "<group>"; };
		C92E320228795C81000A315C /* CalendarService.swift */ = {isa = PBXFileReference; lastKnownFileType = sourcecode.swift; path = CalendarService.swift; sourceTree = "<group>"; };
		C92E320428795C94000A315C /* FlowerDTO.swift */ = {isa = PBXFileReference; lastKnownFileType = sourcecode.swift; path = FlowerDTO.swift; sourceTree = "<group>"; };
		C92E320628795C9A000A315C /* LetterDTO.swift */ = {isa = PBXFileReference; lastKnownFileType = sourcecode.swift; path = LetterDTO.swift; sourceTree = "<group>"; };
		C92E320828795CA2000A315C /* PictureDTO.swift */ = {isa = PBXFileReference; lastKnownFileType = sourcecode.swift; path = PictureDTO.swift; sourceTree = "<group>"; };
		C92E320A28795CCB000A315C /* VoiceMailDTO.swift */ = {isa = PBXFileReference; lastKnownFileType = sourcecode.swift; path = VoiceMailDTO.swift; sourceTree = "<group>"; };
		C92E320C28795CDD000A315C /* FlowerEndPoint.swift */ = {isa = PBXFileReference; lastKnownFileType = sourcecode.swift; path = FlowerEndPoint.swift; sourceTree = "<group>"; };
		C92E320E28795CE3000A315C /* LetterEndPoint.swift */ = {isa = PBXFileReference; lastKnownFileType = sourcecode.swift; path = LetterEndPoint.swift; sourceTree = "<group>"; };
		C92E321028795CEF000A315C /* PictureEndPoint.swift */ = {isa = PBXFileReference; lastKnownFileType = sourcecode.swift; path = PictureEndPoint.swift; sourceTree = "<group>"; };
		C92E321228795CF8000A315C /* VoiceMailEndPoint.swift */ = {isa = PBXFileReference; lastKnownFileType = sourcecode.swift; path = VoiceMailEndPoint.swift; sourceTree = "<group>"; };
		C92E321428795D05000A315C /* FlowerService.swift */ = {isa = PBXFileReference; lastKnownFileType = sourcecode.swift; path = FlowerService.swift; sourceTree = "<group>"; };
		C92E321628795D0D000A315C /* LetterService.swift */ = {isa = PBXFileReference; lastKnownFileType = sourcecode.swift; path = LetterService.swift; sourceTree = "<group>"; };
		C92E321828795D13000A315C /* PictureService.swift */ = {isa = PBXFileReference; lastKnownFileType = sourcecode.swift; path = PictureService.swift; sourceTree = "<group>"; };
		C92E321A28795D1D000A315C /* VoiceMailService.swift */ = {isa = PBXFileReference; lastKnownFileType = sourcecode.swift; path = VoiceMailService.swift; sourceTree = "<group>"; };
		C93DEA22287ACE440045508C /* SendFlowerView.swift */ = {isa = PBXFileReference; lastKnownFileType = sourcecode.swift; path = SendFlowerView.swift; sourceTree = "<group>"; };
		C93DEA28287ACE8D0045508C /* SendLetterView.swift */ = {isa = PBXFileReference; lastKnownFileType = sourcecode.swift; path = SendLetterView.swift; sourceTree = "<group>"; };
		C93DEA2A287ACE960045508C /* SendPictureView.swift */ = {isa = PBXFileReference; lastKnownFileType = sourcecode.swift; path = SendPictureView.swift; sourceTree = "<group>"; };
		C93DEA2C287ACEA20045508C /* SendVoiceMailView.swift */ = {isa = PBXFileReference; lastKnownFileType = sourcecode.swift; path = SendVoiceMailView.swift; sourceTree = "<group>"; };
		C9BE6C82287561D400B782B9 /* liveOnReboot.app */ = {isa = PBXFileReference; explicitFileType = wrapper.application; includeInIndex = 0; path = liveOnReboot.app; sourceTree = BUILT_PRODUCTS_DIR; };
		C9BE6C85287561D400B782B9 /* liveOnRebootApp.swift */ = {isa = PBXFileReference; lastKnownFileType = sourcecode.swift; path = liveOnRebootApp.swift; sourceTree = "<group>"; };
		C9BE6C87287561D400B782B9 /* ContentView.swift */ = {isa = PBXFileReference; lastKnownFileType = sourcecode.swift; path = ContentView.swift; sourceTree = "<group>"; };
		C9BE6C89287561D500B782B9 /* Assets.xcassets */ = {isa = PBXFileReference; lastKnownFileType = folder.assetcatalog; path = Assets.xcassets; sourceTree = "<group>"; };
		C9BE6C8C287561D500B782B9 /* Preview Assets.xcassets */ = {isa = PBXFileReference; lastKnownFileType = folder.assetcatalog; path = "Preview Assets.xcassets"; sourceTree = "<group>"; };
/* End PBXFileReference section */

/* Begin PBXFrameworksBuildPhase section */
		C9BE6C7F287561D400B782B9 /* Frameworks */ = {
			isa = PBXFrameworksBuildPhase;
			buildActionMask = 2147483647;
			files = (
			);
			runOnlyForDeploymentPostprocessing = 0;
		};
/* End PBXFrameworksBuildPhase section */

/* Begin PBXGroup section */
		773185B9287C4A6500120FF9 /* Extensions */ = {
			isa = PBXGroup;
			children = (
				773185BA287C4A9F00120FF9 /* Font+Extension.swift */,
				773185C2287C56FE00120FF9 /* Color+Extension.swift */,
			);
			path = Extensions;
			sourceTree = "<group>";
		};
		773185BC287C4B7D00120FF9 /* Fonts */ = {
			isa = PBXGroup;
			children = (
				773185C4287C5E5200120FF9 /* 나눔손글씨 또박또박.ttf */,
				773185BD287C4B8F00120FF9 /* NerkoOne-Regular.ttf */,
			);
			path = Fonts;
			sourceTree = "<group>";
		};
		C93A4BDA287926DC00A277AC /* Resource */ = {
			isa = PBXGroup;
			children = (
				773185BC287C4B7D00120FF9 /* Fonts */,
				C9BE6C89287561D500B782B9 /* Assets.xcassets */,
			);
			path = Resource;
			sourceTree = "<group>";
		};
		C93A4BDB287926F900A277AC /* Util */ = {
			isa = PBXGroup;
			children = (
				C92E31FA28795C54000A315C /* Util.swift */,
			);
			path = Util;
			sourceTree = "<group>";
		};
		C93A4BDC2879274000A277AC /* Network */ = {
			isa = PBXGroup;
			children = (
				C93A4BDD2879274A00A277AC /* Config */,
				C93A4BDE2879275300A277AC /* Calendar */,
				C93A4BDF2879276600A277AC /* Gift */,
			);
			path = Network;
			sourceTree = "<group>";
		};
		C93A4BDD2879274A00A277AC /* Config */ = {
			isa = PBXGroup;
			children = (
				C92E31FC28795C62000A315C /* Config.swift */,
			);
			path = Config;
			sourceTree = "<group>";
		};
		C93A4BDE2879275300A277AC /* Calendar */ = {
			isa = PBXGroup;
			children = (
				C93A4BE6287927C700A277AC /* DTO */,
				C93A4BE5287927C400A277AC /* EndPoint */,
				C93A4BE4287927C200A277AC /* Service */,
			);
			path = Calendar;
			sourceTree = "<group>";
		};
		C93A4BDF2879276600A277AC /* Gift */ = {
			isa = PBXGroup;
			children = (
				C93A4BE32879279300A277AC /* Flower */,
				C93A4BE22879279100A277AC /* Letter */,
				C93A4BE12879278900A277AC /* Picture */,
				C93A4BE02879278300A277AC /* VoiceMail */,
			);
			path = Gift;
			sourceTree = "<group>";
		};
		C93A4BE02879278300A277AC /* VoiceMail */ = {
			isa = PBXGroup;
			children = (
				C93A4BF22879282800A277AC /* DTO */,
				C93A4BF12879282700A277AC /* EndPoint */,
				C93A4BF02879282600A277AC /* Service */,
			);
			path = VoiceMail;
			sourceTree = "<group>";
		};
		C93A4BE12879278900A277AC /* Picture */ = {
			isa = PBXGroup;
			children = (
				C93A4BEF2879282400A277AC /* DTO */,
				C93A4BEE2879282300A277AC /* EndPoint */,
				C93A4BED2879282100A277AC /* Service */,
			);
			path = Picture;
			sourceTree = "<group>";
		};
		C93A4BE22879279100A277AC /* Letter */ = {
			isa = PBXGroup;
			children = (
				C93A4BEC2879281F00A277AC /* DTO */,
				C93A4BEB2879281E00A277AC /* EndPoint */,
				C93A4BEA2879281D00A277AC /* Service */,
			);
			path = Letter;
			sourceTree = "<group>";
		};
		C93A4BE32879279300A277AC /* Flower */ = {
			isa = PBXGroup;
			children = (
				C93A4BE92879281B00A277AC /* DTO */,
				C93A4BE82879281900A277AC /* EndPoint */,
				C93A4BE72879281400A277AC /* Service */,
			);
			path = Flower;
			sourceTree = "<group>";
		};
		C93A4BE4287927C200A277AC /* Service */ = {
			isa = PBXGroup;
			children = (
				C92E320228795C81000A315C /* CalendarService.swift */,
			);
			path = Service;
			sourceTree = "<group>";
		};
		C93A4BE5287927C400A277AC /* EndPoint */ = {
			isa = PBXGroup;
			children = (
				C92E320028795C78000A315C /* CalendarEndPoint.swift */,
			);
			path = EndPoint;
			sourceTree = "<group>";
		};
		C93A4BE6287927C700A277AC /* DTO */ = {
			isa = PBXGroup;
			children = (
				C92E31FE28795C6F000A315C /* CalendarDTO.swift */,
			);
			path = DTO;
			sourceTree = "<group>";
		};
		C93A4BE72879281400A277AC /* Service */ = {
			isa = PBXGroup;
			children = (
				C92E321428795D05000A315C /* FlowerService.swift */,
			);
			path = Service;
			sourceTree = "<group>";
		};
		C93A4BE82879281900A277AC /* EndPoint */ = {
			isa = PBXGroup;
			children = (
				C92E320C28795CDD000A315C /* FlowerEndPoint.swift */,
			);
			path = EndPoint;
			sourceTree = "<group>";
		};
		C93A4BE92879281B00A277AC /* DTO */ = {
			isa = PBXGroup;
			children = (
				C92E320428795C94000A315C /* FlowerDTO.swift */,
			);
			path = DTO;
			sourceTree = "<group>";
		};
		C93A4BEA2879281D00A277AC /* Service */ = {
			isa = PBXGroup;
			children = (
				C92E321628795D0D000A315C /* LetterService.swift */,
			);
			path = Service;
			sourceTree = "<group>";
		};
		C93A4BEB2879281E00A277AC /* EndPoint */ = {
			isa = PBXGroup;
			children = (
				C92E320E28795CE3000A315C /* LetterEndPoint.swift */,
			);
			path = EndPoint;
			sourceTree = "<group>";
		};
		C93A4BEC2879281F00A277AC /* DTO */ = {
			isa = PBXGroup;
			children = (
				C92E320628795C9A000A315C /* LetterDTO.swift */,
			);
			path = DTO;
			sourceTree = "<group>";
		};
		C93A4BED2879282100A277AC /* Service */ = {
			isa = PBXGroup;
			children = (
				C92E321828795D13000A315C /* PictureService.swift */,
			);
			path = Service;
			sourceTree = "<group>";
		};
		C93A4BEE2879282300A277AC /* EndPoint */ = {
			isa = PBXGroup;
			children = (
				C92E321028795CEF000A315C /* PictureEndPoint.swift */,
			);
			path = EndPoint;
			sourceTree = "<group>";
		};
		C93A4BEF2879282400A277AC /* DTO */ = {
			isa = PBXGroup;
			children = (
				C92E320828795CA2000A315C /* PictureDTO.swift */,
			);
			path = DTO;
			sourceTree = "<group>";
		};
		C93A4BF02879282600A277AC /* Service */ = {
			isa = PBXGroup;
			children = (
				C92E321A28795D1D000A315C /* VoiceMailService.swift */,
			);
			path = Service;
			sourceTree = "<group>";
		};
		C93A4BF12879282700A277AC /* EndPoint */ = {
			isa = PBXGroup;
			children = (
				C92E321228795CF8000A315C /* VoiceMailEndPoint.swift */,
			);
			path = EndPoint;
			sourceTree = "<group>";
		};
		C93A4BF22879282800A277AC /* DTO */ = {
			isa = PBXGroup;
			children = (
				C92E320A28795CCB000A315C /* VoiceMailDTO.swift */,
			);
			path = DTO;
			sourceTree = "<group>";
		};
		C93A4BF32879291500A277AC /* View */ = {
			isa = PBXGroup;
			children = (
				C9BE6C87287561D400B782B9 /* ContentView.swift */,
				C93A4BFB2879293400A277AC /* Calendar */,
				C93A4BFA2879293200A277AC /* CoupleInformation */,
				C93A4BF92879293100A277AC /* Gift */,
				C93A4BF82879292F00A277AC /* GiftBox */,
				C93A4BF72879292D00A277AC /* GiftList */,
				C93DEA21287ACE200045508C /* SendGift */,
				C93A4BF62879292A00A277AC /* SignIn */,
			);
			path = View;
			sourceTree = "<group>";
		};
		C93A4BF62879292A00A277AC /* SignIn */ = {
			isa = PBXGroup;
			children = (
				C92E31EA28795BB0000A315C /* SignInView.swift */,
			);
			path = SignIn;
			sourceTree = "<group>";
		};
		C93A4BF72879292D00A277AC /* GiftList */ = {
			isa = PBXGroup;
			children = (
				C92E31E828795BA9000A315C /* GiftListView.swift */,
			);
			path = GiftList;
			sourceTree = "<group>";
		};
		C93A4BF82879292F00A277AC /* GiftBox */ = {
			isa = PBXGroup;
			children = (
				C92E31E628795BA0000A315C /* GiftBoxView.swift */,
			);
			path = GiftBox;
			sourceTree = "<group>";
		};
		C93A4BF92879293100A277AC /* Gift */ = {
			isa = PBXGroup;
			children = (
				C93A4BFF2879298500A277AC /* Flower */,
				C93A4BFE2879298400A277AC /* Letter */,
				C93A4BFD2879298200A277AC /* Picture */,
				C93A4BFC2879298100A277AC /* VoiceMail */,
			);
			path = Gift;
			sourceTree = "<group>";
		};
		C93A4BFA2879293200A277AC /* CoupleInformation */ = {
			isa = PBXGroup;
			children = (
				C92E31DC28795B71000A315C /* CoupleInformationView.swift */,
			);
			path = CoupleInformation;
			sourceTree = "<group>";
		};
		C93A4BFB2879293400A277AC /* Calendar */ = {
			isa = PBXGroup;
			children = (
				C92E31DA28795B60000A315C /* CalendarView.swift */,
			);
			path = Calendar;
			sourceTree = "<group>";
		};
		C93A4BFC2879298100A277AC /* VoiceMail */ = {
			isa = PBXGroup;
			children = (
				C92E31E428795B96000A315C /* VoicemailView.swift */,
			);
			path = VoiceMail;
			sourceTree = "<group>";
		};
		C93A4BFD2879298200A277AC /* Picture */ = {
			isa = PBXGroup;
			children = (
				C92E31E228795B8A000A315C /* PictureView.swift */,
			);
			path = Picture;
			sourceTree = "<group>";
		};
		C93A4BFE2879298400A277AC /* Letter */ = {
			isa = PBXGroup;
			children = (
				C92E31E028795B83000A315C /* LetterView.swift */,
			);
			path = Letter;
			sourceTree = "<group>";
		};
		C93A4BFF2879298500A277AC /* Flower */ = {
			isa = PBXGroup;
			children = (
				C92E31DE28795B7A000A315C /* FlowerView.swift */,
			);
			path = Flower;
			sourceTree = "<group>";
		};
		C93A4C0028792B2F00A277AC /* ViewModel */ = {
			isa = PBXGroup;
			children = (
				C93A4C0D28792BB800A277AC /* Calendar */,
				C93A4C0C28792BB600A277AC /* Gift */,
				C93A4C0B28792BB500A277AC /* Network */,
				C93A4C0A28792BB400A277AC /* SignIn */,
			);
			path = ViewModel;
			sourceTree = "<group>";
		};
		C93A4C0128792B3200A277AC /* Model */ = {
			isa = PBXGroup;
			children = (
				C93A4C0528792B6A00A277AC /* Calendar */,
				C93A4C0428792B6800A277AC /* Gift */,
				C93A4C0328792B6700A277AC /* LogIn */,
				C93A4C0228792B6500A277AC /* Network */,
			);
			path = Model;
			sourceTree = "<group>";
		};
		C93A4C0228792B6500A277AC /* Network */ = {
			isa = PBXGroup;
			children = (
				C92E31D828795B41000A315C /* NetworkModel.swift */,
			);
			path = Network;
			sourceTree = "<group>";
		};
		C93A4C0328792B6700A277AC /* LogIn */ = {
			isa = PBXGroup;
			children = (
				C92E31D628795B38000A315C /* LogInModel.swift */,
			);
			path = LogIn;
			sourceTree = "<group>";
		};
		C93A4C0428792B6800A277AC /* Gift */ = {
			isa = PBXGroup;
			children = (
				C93A4C0928792B8100A277AC /* Flower */,
				C93A4C0828792B7F00A277AC /* Letter */,
				C93A4C0728792B7E00A277AC /* Picture */,
				C93A4C0628792B7C00A277AC /* VoiceMail */,
			);
			path = Gift;
			sourceTree = "<group>";
		};
		C93A4C0528792B6A00A277AC /* Calendar */ = {
			isa = PBXGroup;
			children = (
				C92E31CC28795A25000A315C /* CalendarModel.swift */,
			);
			path = Calendar;
			sourceTree = "<group>";
		};
		C93A4C0628792B7C00A277AC /* VoiceMail */ = {
			isa = PBXGroup;
			children = (
				C92E31D428795B2D000A315C /* VoicemailModel.swift */,
			);
			path = VoiceMail;
			sourceTree = "<group>";
		};
		C93A4C0728792B7E00A277AC /* Picture */ = {
			isa = PBXGroup;
			children = (
				C92E31D228795B23000A315C /* PictureModel.swift */,
			);
			path = Picture;
			sourceTree = "<group>";
		};
		C93A4C0828792B7F00A277AC /* Letter */ = {
			isa = PBXGroup;
			children = (
				C92E31D028795B1A000A315C /* LetterModel.swift */,
			);
			path = Letter;
			sourceTree = "<group>";
		};
		C93A4C0928792B8100A277AC /* Flower */ = {
			isa = PBXGroup;
			children = (
				C92E31CE28795B0E000A315C /* FlowerModel.swift */,
			);
			path = Flower;
			sourceTree = "<group>";
		};
		C93A4C0A28792BB400A277AC /* SignIn */ = {
			isa = PBXGroup;
			children = (
				C92E31F828795C3D000A315C /* SignInViewModel.swift */,
			);
			path = SignIn;
			sourceTree = "<group>";
		};
		C93A4C0B28792BB500A277AC /* Network */ = {
			isa = PBXGroup;
			children = (
				C92E31F628795C36000A315C /* NetworkViewModel.swift */,
			);
			path = Network;
			sourceTree = "<group>";
		};
		C93A4C0C28792BB600A277AC /* Gift */ = {
			isa = PBXGroup;
			children = (
				C93A4C1128792BFC00A277AC /* Flower */,
				C93A4C1028792BFB00A277AC /* Letter */,
				C93A4C0F28792BF900A277AC /* Picture */,
				C93A4C0E28792BF700A277AC /* VoiceMail */,
			);
			path = Gift;
			sourceTree = "<group>";
		};
		C93A4C0D28792BB800A277AC /* Calendar */ = {
			isa = PBXGroup;
			children = (
				C92E31EC28795C06000A315C /* CalendarViewModel.swift */,
			);
			path = Calendar;
			sourceTree = "<group>";
		};
		C93A4C0E28792BF700A277AC /* VoiceMail */ = {
			isa = PBXGroup;
			children = (
				C92E31F428795C2B000A315C /* VoiceMailViewModel.swift */,
			);
			path = VoiceMail;
			sourceTree = "<group>";
		};
		C93A4C0F28792BF900A277AC /* Picture */ = {
			isa = PBXGroup;
			children = (
				C92E31F228795C21000A315C /* PictureViewModel.swift */,
			);
			path = Picture;
			sourceTree = "<group>";
		};
		C93A4C1028792BFB00A277AC /* Letter */ = {
			isa = PBXGroup;
			children = (
				C92E31F028795C1A000A315C /* LetterViewModel.swift */,
			);
			path = Letter;
			sourceTree = "<group>";
		};
		C93A4C1128792BFC00A277AC /* Flower */ = {
			isa = PBXGroup;
			children = (
				C92E31EE28795C15000A315C /* FlowerViewModel.swift */,
			);
			path = Flower;
			sourceTree = "<group>";
		};
		C93DEA21287ACE200045508C /* SendGift */ = {
			isa = PBXGroup;
			children = (
				C93DEA24287ACE4B0045508C /* SendFlower */,
				C93DEA27287ACE630045508C /* SendLetter */,
				C93DEA26287ACE610045508C /* SendPicture */,
				C93DEA25287ACE5D0045508C /* SendVoiceMail */,
			);
			path = SendGift;
			sourceTree = "<group>";
		};
		C93DEA24287ACE4B0045508C /* SendFlower */ = {
			isa = PBXGroup;
			children = (
				C93DEA22287ACE440045508C /* SendFlowerView.swift */,
			);
			path = SendFlower;
			sourceTree = "<group>";
		};
		C93DEA25287ACE5D0045508C /* SendVoiceMail */ = {
			isa = PBXGroup;
			children = (
				C93DEA2C287ACEA20045508C /* SendVoiceMailView.swift */,
			);
			path = SendVoiceMail;
			sourceTree = "<group>";
		};
		C93DEA26287ACE610045508C /* SendPicture */ = {
			isa = PBXGroup;
			children = (
				C93DEA2A287ACE960045508C /* SendPictureView.swift */,
			);
			path = SendPicture;
			sourceTree = "<group>";
		};
		C93DEA27287ACE630045508C /* SendLetter */ = {
			isa = PBXGroup;
			children = (
				C93DEA28287ACE8D0045508C /* SendLetterView.swift */,
			);
			path = SendLetter;
			sourceTree = "<group>";
		};
		C9BE6C79287561D400B782B9 = {
			isa = PBXGroup;
			children = (
				773185BF287C4CB900120FF9 /* liveOnReboot-Info.plist */,
				C9BE6C84287561D400B782B9 /* liveOn */,
				C9BE6C83287561D400B782B9 /* Products */,
			);
			sourceTree = "<group>";
		};
		C9BE6C83287561D400B782B9 /* Products */ = {
			isa = PBXGroup;
			children = (
				C9BE6C82287561D400B782B9 /* liveOnReboot.app */,
			);
			name = Products;
			sourceTree = "<group>";
		};
		C9BE6C84287561D400B782B9 /* liveOn */ = {
			isa = PBXGroup;
			children = (
				773185B9287C4A6500120FF9 /* Extensions */,
				C9BE6C85287561D400B782B9 /* liveOnRebootApp.swift */,
				C93A4C0128792B3200A277AC /* Model */,
				C93A4BF32879291500A277AC /* View */,
				C93A4C0028792B2F00A277AC /* ViewModel */,
				C93A4BDC2879274000A277AC /* Network */,
				C93A4BDA287926DC00A277AC /* Resource */,
				C93A4BDB287926F900A277AC /* Util */,
				C9BE6C8B287561D500B782B9 /* Preview Content */,
			);
			path = liveOn;
			sourceTree = "<group>";
		};
		C9BE6C8B287561D500B782B9 /* Preview Content */ = {
			isa = PBXGroup;
			children = (
				C9BE6C8C287561D500B782B9 /* Preview Assets.xcassets */,
			);
			path = "Preview Content";
			sourceTree = "<group>";
		};
/* End PBXGroup section */

/* Begin PBXNativeTarget section */
		C9BE6C81287561D400B782B9 /* liveOnReboot */ = {
			isa = PBXNativeTarget;
			buildConfigurationList = C9BE6C90287561D500B782B9 /* Build configuration list for PBXNativeTarget "liveOnReboot" */;
			buildPhases = (
				C9BE6C7E287561D400B782B9 /* Sources */,
				C9BE6C7F287561D400B782B9 /* Frameworks */,
				C9BE6C80287561D400B782B9 /* Resources */,
			);
			buildRules = (
			);
			dependencies = (
			);
			name = liveOnReboot;
			productName = liveOnReboot;
			productReference = C9BE6C82287561D400B782B9 /* liveOnReboot.app */;
			productType = "com.apple.product-type.application";
		};
/* End PBXNativeTarget section */

/* Begin PBXProject section */
		C9BE6C7A287561D400B782B9 /* Project object */ = {
			isa = PBXProject;
			attributes = {
				BuildIndependentTargetsInParallel = 1;
				LastSwiftUpdateCheck = 1340;
				LastUpgradeCheck = 1340;
				TargetAttributes = {
					C9BE6C81287561D400B782B9 = {
						CreatedOnToolsVersion = 13.4.1;
					};
				};
			};
			buildConfigurationList = C9BE6C7D287561D400B782B9 /* Build configuration list for PBXProject "liveOnReboot" */;
			compatibilityVersion = "Xcode 13.0";
			developmentRegion = en;
			hasScannedForEncodings = 0;
			knownRegions = (
				en,
				Base,
			);
			mainGroup = C9BE6C79287561D400B782B9;
			productRefGroup = C9BE6C83287561D400B782B9 /* Products */;
			projectDirPath = "";
			projectRoot = "";
			targets = (
				C9BE6C81287561D400B782B9 /* liveOnReboot */,
			);
		};
/* End PBXProject section */

/* Begin PBXResourcesBuildPhase section */
		C9BE6C80287561D400B782B9 /* Resources */ = {
			isa = PBXResourcesBuildPhase;
			buildActionMask = 2147483647;
			files = (
				C9BE6C8D287561D500B782B9 /* Preview Assets.xcassets in Resources */,
				773185BE287C4B9400120FF9 /* NerkoOne-Regular.ttf in Resources */,
				773185C5287C5E5200120FF9 /* 나눔손글씨 또박또박.ttf in Resources */,
				C9BE6C8A287561D500B782B9 /* Assets.xcassets in Resources */,
			);
			runOnlyForDeploymentPostprocessing = 0;
		};
/* End PBXResourcesBuildPhase section */

/* Begin PBXSourcesBuildPhase section */
		C9BE6C7E287561D400B782B9 /* Sources */ = {
			isa = PBXSourcesBuildPhase;
			buildActionMask = 2147483647;
			files = (
				C92E31EB28795BB0000A315C /* SignInView.swift in Sources */,
				773185C3287C56FE00120FF9 /* Color+Extension.swift in Sources */,
				C92E320728795C9A000A315C /* LetterDTO.swift in Sources */,
				C92E31F128795C1A000A315C /* LetterViewModel.swift in Sources */,
				C92E321B28795D1D000A315C /* VoiceMailService.swift in Sources */,
				C93DEA29287ACE8D0045508C /* SendLetterView.swift in Sources */,
				C92E31FD28795C62000A315C /* Config.swift in Sources */,
				C92E321328795CF8000A315C /* VoiceMailEndPoint.swift in Sources */,
				C92E31DB28795B60000A315C /* CalendarView.swift in Sources */,
				C92E31F528795C2B000A315C /* VoiceMailViewModel.swift in Sources */,
				C92E320528795C94000A315C /* FlowerDTO.swift in Sources */,
				C92E31DF28795B7A000A315C /* FlowerView.swift in Sources */,
				C92E321928795D13000A315C /* PictureService.swift in Sources */,
				C92E321128795CEF000A315C /* PictureEndPoint.swift in Sources */,
				C92E31D328795B23000A315C /* PictureModel.swift in Sources */,
				C92E31CF28795B0E000A315C /* FlowerModel.swift in Sources */,
				C92E31FB28795C54000A315C /* Util.swift in Sources */,
				C92E31FF28795C6F000A315C /* CalendarDTO.swift in Sources */,
				773185BB287C4A9F00120FF9 /* Font+Extension.swift in Sources */,
				C92E320D28795CDD000A315C /* FlowerEndPoint.swift in Sources */,
				C92E31F728795C36000A315C /* NetworkViewModel.swift in Sources */,
				C92E31D528795B2D000A315C /* VoicemailModel.swift in Sources */,
				C92E31F328795C21000A315C /* PictureViewModel.swift in Sources */,
				C92E320B28795CCB000A315C /* VoiceMailDTO.swift in Sources */,
				C93DEA23287ACE440045508C /* SendFlowerView.swift in Sources */,
				C92E320328795C81000A315C /* CalendarService.swift in Sources */,
				C92E31E928795BA9000A315C /* GiftListView.swift in Sources */,
				C92E31D928795B41000A315C /* NetworkModel.swift in Sources */,
				C92E31E128795B83000A315C /* LetterView.swift in Sources */,
				C92E321728795D0D000A315C /* LetterService.swift in Sources */,
				C92E320128795C78000A315C /* CalendarEndPoint.swift in Sources */,
				C92E31D128795B1A000A315C /* LetterModel.swift in Sources */,
				C92E31F928795C3D000A315C /* SignInViewModel.swift in Sources */,
				C92E320F28795CE3000A315C /* LetterEndPoint.swift in Sources */,
				C9BE6C88287561D400B782B9 /* ContentView.swift in Sources */,
				C92E31EF28795C15000A315C /* FlowerViewModel.swift in Sources */,
				C92E31E528795B96000A315C /* VoicemailView.swift in Sources */,
				C93DEA2B287ACE960045508C /* SendPictureView.swift in Sources */,
				C93DEA2D287ACEA20045508C /* SendVoiceMailView.swift in Sources */,
				C92E31E728795BA0000A315C /* GiftBoxView.swift in Sources */,
				C92E31ED28795C06000A315C /* CalendarViewModel.swift in Sources */,
				C92E31D728795B38000A315C /* LogInModel.swift in Sources */,
				C92E31DD28795B71000A315C /* CoupleInformationView.swift in Sources */,
				C92E320928795CA2000A315C /* PictureDTO.swift in Sources */,
				C92E31E328795B8A000A315C /* PictureView.swift in Sources */,
				C92E31CD28795A25000A315C /* CalendarModel.swift in Sources */,
				C9BE6C86287561D400B782B9 /* liveOnRebootApp.swift in Sources */,
				C92E321528795D05000A315C /* FlowerService.swift in Sources */,
			);
			runOnlyForDeploymentPostprocessing = 0;
		};
/* End PBXSourcesBuildPhase section */

/* Begin XCBuildConfiguration section */
		C9BE6C8E287561D500B782B9 /* Debug */ = {
			isa = XCBuildConfiguration;
			buildSettings = {
				ALWAYS_SEARCH_USER_PATHS = NO;
				CLANG_ANALYZER_NONNULL = YES;
				CLANG_ANALYZER_NUMBER_OBJECT_CONVERSION = YES_AGGRESSIVE;
				CLANG_CXX_LANGUAGE_STANDARD = "gnu++17";
				CLANG_ENABLE_MODULES = YES;
				CLANG_ENABLE_OBJC_ARC = YES;
				CLANG_ENABLE_OBJC_WEAK = YES;
				CLANG_WARN_BLOCK_CAPTURE_AUTORELEASING = YES;
				CLANG_WARN_BOOL_CONVERSION = YES;
				CLANG_WARN_COMMA = YES;
				CLANG_WARN_CONSTANT_CONVERSION = YES;
				CLANG_WARN_DEPRECATED_OBJC_IMPLEMENTATIONS = YES;
				CLANG_WARN_DIRECT_OBJC_ISA_USAGE = YES_ERROR;
				CLANG_WARN_DOCUMENTATION_COMMENTS = YES;
				CLANG_WARN_EMPTY_BODY = YES;
				CLANG_WARN_ENUM_CONVERSION = YES;
				CLANG_WARN_INFINITE_RECURSION = YES;
				CLANG_WARN_INT_CONVERSION = YES;
				CLANG_WARN_NON_LITERAL_NULL_CONVERSION = YES;
				CLANG_WARN_OBJC_IMPLICIT_RETAIN_SELF = YES;
				CLANG_WARN_OBJC_LITERAL_CONVERSION = YES;
				CLANG_WARN_OBJC_ROOT_CLASS = YES_ERROR;
				CLANG_WARN_QUOTED_INCLUDE_IN_FRAMEWORK_HEADER = YES;
				CLANG_WARN_RANGE_LOOP_ANALYSIS = YES;
				CLANG_WARN_STRICT_PROTOTYPES = YES;
				CLANG_WARN_SUSPICIOUS_MOVE = YES;
				CLANG_WARN_UNGUARDED_AVAILABILITY = YES_AGGRESSIVE;
				CLANG_WARN_UNREACHABLE_CODE = YES;
				CLANG_WARN__DUPLICATE_METHOD_MATCH = YES;
				COPY_PHASE_STRIP = NO;
				DEBUG_INFORMATION_FORMAT = dwarf;
				ENABLE_STRICT_OBJC_MSGSEND = YES;
				ENABLE_TESTABILITY = YES;
				GCC_C_LANGUAGE_STANDARD = gnu11;
				GCC_DYNAMIC_NO_PIC = NO;
				GCC_NO_COMMON_BLOCKS = YES;
				GCC_OPTIMIZATION_LEVEL = 0;
				GCC_PREPROCESSOR_DEFINITIONS = (
					"DEBUG=1",
					"$(inherited)",
				);
				GCC_WARN_64_TO_32_BIT_CONVERSION = YES;
				GCC_WARN_ABOUT_RETURN_TYPE = YES_ERROR;
				GCC_WARN_UNDECLARED_SELECTOR = YES;
				GCC_WARN_UNINITIALIZED_AUTOS = YES_AGGRESSIVE;
				GCC_WARN_UNUSED_FUNCTION = YES;
				GCC_WARN_UNUSED_VARIABLE = YES;
				IPHONEOS_DEPLOYMENT_TARGET = 15.0;
				MTL_ENABLE_DEBUG_INFO = INCLUDE_SOURCE;
				MTL_FAST_MATH = YES;
				ONLY_ACTIVE_ARCH = YES;
				SDKROOT = iphoneos;
				SWIFT_ACTIVE_COMPILATION_CONDITIONS = DEBUG;
				SWIFT_OPTIMIZATION_LEVEL = "-Onone";
			};
			name = Debug;
		};
		C9BE6C8F287561D500B782B9 /* Release */ = {
			isa = XCBuildConfiguration;
			buildSettings = {
				ALWAYS_SEARCH_USER_PATHS = NO;
				CLANG_ANALYZER_NONNULL = YES;
				CLANG_ANALYZER_NUMBER_OBJECT_CONVERSION = YES_AGGRESSIVE;
				CLANG_CXX_LANGUAGE_STANDARD = "gnu++17";
				CLANG_ENABLE_MODULES = YES;
				CLANG_ENABLE_OBJC_ARC = YES;
				CLANG_ENABLE_OBJC_WEAK = YES;
				CLANG_WARN_BLOCK_CAPTURE_AUTORELEASING = YES;
				CLANG_WARN_BOOL_CONVERSION = YES;
				CLANG_WARN_COMMA = YES;
				CLANG_WARN_CONSTANT_CONVERSION = YES;
				CLANG_WARN_DEPRECATED_OBJC_IMPLEMENTATIONS = YES;
				CLANG_WARN_DIRECT_OBJC_ISA_USAGE = YES_ERROR;
				CLANG_WARN_DOCUMENTATION_COMMENTS = YES;
				CLANG_WARN_EMPTY_BODY = YES;
				CLANG_WARN_ENUM_CONVERSION = YES;
				CLANG_WARN_INFINITE_RECURSION = YES;
				CLANG_WARN_INT_CONVERSION = YES;
				CLANG_WARN_NON_LITERAL_NULL_CONVERSION = YES;
				CLANG_WARN_OBJC_IMPLICIT_RETAIN_SELF = YES;
				CLANG_WARN_OBJC_LITERAL_CONVERSION = YES;
				CLANG_WARN_OBJC_ROOT_CLASS = YES_ERROR;
				CLANG_WARN_QUOTED_INCLUDE_IN_FRAMEWORK_HEADER = YES;
				CLANG_WARN_RANGE_LOOP_ANALYSIS = YES;
				CLANG_WARN_STRICT_PROTOTYPES = YES;
				CLANG_WARN_SUSPICIOUS_MOVE = YES;
				CLANG_WARN_UNGUARDED_AVAILABILITY = YES_AGGRESSIVE;
				CLANG_WARN_UNREACHABLE_CODE = YES;
				CLANG_WARN__DUPLICATE_METHOD_MATCH = YES;
				COPY_PHASE_STRIP = NO;
				DEBUG_INFORMATION_FORMAT = "dwarf-with-dsym";
				ENABLE_NS_ASSERTIONS = NO;
				ENABLE_STRICT_OBJC_MSGSEND = YES;
				GCC_C_LANGUAGE_STANDARD = gnu11;
				GCC_NO_COMMON_BLOCKS = YES;
				GCC_WARN_64_TO_32_BIT_CONVERSION = YES;
				GCC_WARN_ABOUT_RETURN_TYPE = YES_ERROR;
				GCC_WARN_UNDECLARED_SELECTOR = YES;
				GCC_WARN_UNINITIALIZED_AUTOS = YES_AGGRESSIVE;
				GCC_WARN_UNUSED_FUNCTION = YES;
				GCC_WARN_UNUSED_VARIABLE = YES;
				IPHONEOS_DEPLOYMENT_TARGET = 15.0;
				MTL_ENABLE_DEBUG_INFO = NO;
				MTL_FAST_MATH = YES;
				SDKROOT = iphoneos;
				SWIFT_COMPILATION_MODE = wholemodule;
				SWIFT_OPTIMIZATION_LEVEL = "-O";
				VALIDATE_PRODUCT = YES;
			};
			name = Release;
		};
		C9BE6C91287561D500B782B9 /* Debug */ = {
			isa = XCBuildConfiguration;
			buildSettings = {
				ASSETCATALOG_COMPILER_APPICON_NAME = AppIcon;
				ASSETCATALOG_COMPILER_GLOBAL_ACCENT_COLOR_NAME = AccentColor;
				CODE_SIGN_IDENTITY = "iPhone Developer";
				CODE_SIGN_STYLE = Manual;
				CURRENT_PROJECT_VERSION = 1;
				DEVELOPMENT_ASSET_PATHS = "\"liveOn/Preview Content\"";
				DEVELOPMENT_TEAM = C95YD9G273;
				ENABLE_PREVIEWS = YES;
				GENERATE_INFOPLIST_FILE = YES;
				INFOPLIST_FILE = "liveOnReboot-Info.plist";
				INFOPLIST_KEY_UIApplicationSceneManifest_Generation = YES;
				INFOPLIST_KEY_UIApplicationSupportsIndirectInputEvents = YES;
				INFOPLIST_KEY_UILaunchScreen_Generation = YES;
				INFOPLIST_KEY_UISupportedInterfaceOrientations_iPad = "UIInterfaceOrientationPortrait UIInterfaceOrientationPortraitUpsideDown UIInterfaceOrientationLandscapeLeft UIInterfaceOrientationLandscapeRight";
				INFOPLIST_KEY_UISupportedInterfaceOrientations_iPhone = "UIInterfaceOrientationPortrait UIInterfaceOrientationLandscapeLeft UIInterfaceOrientationLandscapeRight";
				LD_RUNPATH_SEARCH_PATHS = (
					"$(inherited)",
					"@executable_path/Frameworks",
				);
				MARKETING_VERSION = 1.0;
				PRODUCT_BUNDLE_IDENTIFIER = com.reborn.liveOnReboot;
				PRODUCT_NAME = "$(TARGET_NAME)";
				PROVISIONING_PROFILE_SPECIFIER = liveOn;
				SWIFT_EMIT_LOC_STRINGS = YES;
				SWIFT_VERSION = 5.0;
				TARGETED_DEVICE_FAMILY = "1,2";
			};
			name = Debug;
		};
		C9BE6C92287561D500B782B9 /* Release */ = {
			isa = XCBuildConfiguration;
			buildSettings = {
				ASSETCATALOG_COMPILER_APPICON_NAME = AppIcon;
				ASSETCATALOG_COMPILER_GLOBAL_ACCENT_COLOR_NAME = AccentColor;
				CODE_SIGN_IDENTITY = "iPhone Developer";
				CODE_SIGN_STYLE = Manual;
				CURRENT_PROJECT_VERSION = 1;
				DEVELOPMENT_ASSET_PATHS = "\"liveOn/Preview Content\"";
				DEVELOPMENT_TEAM = C95YD9G273;
				ENABLE_PREVIEWS = YES;
				GENERATE_INFOPLIST_FILE = YES;
				INFOPLIST_FILE = "liveOnReboot-Info.plist";
				INFOPLIST_KEY_UIApplicationSceneManifest_Generation = YES;
				INFOPLIST_KEY_UIApplicationSupportsIndirectInputEvents = YES;
				INFOPLIST_KEY_UILaunchScreen_Generation = YES;
				INFOPLIST_KEY_UISupportedInterfaceOrientations_iPad = "UIInterfaceOrientationPortrait UIInterfaceOrientationPortraitUpsideDown UIInterfaceOrientationLandscapeLeft UIInterfaceOrientationLandscapeRight";
				INFOPLIST_KEY_UISupportedInterfaceOrientations_iPhone = "UIInterfaceOrientationPortrait UIInterfaceOrientationLandscapeLeft UIInterfaceOrientationLandscapeRight";
				LD_RUNPATH_SEARCH_PATHS = (
					"$(inherited)",
					"@executable_path/Frameworks",
				);
				MARKETING_VERSION = 1.0;
				PRODUCT_BUNDLE_IDENTIFIER = com.reborn.liveOnReboot;
				PRODUCT_NAME = "$(TARGET_NAME)";
				PROVISIONING_PROFILE_SPECIFIER = liveOn;
				SWIFT_EMIT_LOC_STRINGS = YES;
				SWIFT_VERSION = 5.0;
				TARGETED_DEVICE_FAMILY = "1,2";
			};
			name = Release;
		};
/* End XCBuildConfiguration section */

/* Begin XCConfigurationList section */
		C9BE6C7D287561D400B782B9 /* Build configuration list for PBXProject "liveOnReboot" */ = {
			isa = XCConfigurationList;
			buildConfigurations = (
				C9BE6C8E287561D500B782B9 /* Debug */,
				C9BE6C8F287561D500B782B9 /* Release */,
			);
			defaultConfigurationIsVisible = 0;
			defaultConfigurationName = Release;
		};
		C9BE6C90287561D500B782B9 /* Build configuration list for PBXNativeTarget "liveOnReboot" */ = {
			isa = XCConfigurationList;
			buildConfigurations = (
				C9BE6C91287561D500B782B9 /* Debug */,
				C9BE6C92287561D500B782B9 /* Release */,
			);
			defaultConfigurationIsVisible = 0;
			defaultConfigurationName = Release;
		};
/* End XCConfigurationList section */
	};
	rootObject = C9BE6C7A287561D400B782B9 /* Project object */;
}
